<?xml version="1.0" encoding="utf-8"?>
<Project ToolsVersion="4.0" xmlns="http://schemas.microsoft.com/developer/msbuild/2003">
  <ItemGroup>
    <Filter Include="Source Files">
      <UniqueIdentifier>{4FC737F1-C7A5-4376-A066-2A32D752A2FF}</UniqueIdentifier>
      <Extensions>cpp;c;cc;cxx;c++;cppm;ixx;def;odl;idl;hpj;bat;asm;asmx</Extensions>
    </Filter>
    <Filter Include="Header Files">
      <UniqueIdentifier>{93995380-89BD-4b04-88EB-625FBE52EBFB}</UniqueIdentifier>
      <Extensions>h;hh;hpp;hxx;h++;hm;inl;inc;ipp;xsd</Extensions>
    </Filter>
    <Filter Include="Resource Files">
      <UniqueIdentifier>{67DA6AB6-F800-4c08-8B7A-83BB121AAD01}</UniqueIdentifier>
      <Extensions>rc;ico;cur;bmp;dlg;rc2;rct;bin;rgs;gif;jpg;jpeg;jpe;resx;tiff;tif;png;wav;mfcribbon-ms</Extensions>
    </Filter>
    <Filter Include="HTML">
      <UniqueIdentifier>{2921ea14-3eed-4737-b052-4cb9adb5ccb7}</UniqueIdentifier>
    </Filter>
    <Filter Include="HTML\Header Files">
      <UniqueIdentifier>{2bfac17d-404b-4b59-a88b-15285793fe23}</UniqueIdentifier>
    </Filter>
    <Filter Include="HTML Help Files">
      <UniqueIdentifier>{dfe51ed1-38aa-4477-ad48-baae15864497}</UniqueIdentifier>
    </Filter>
    <Filter Include="HTML Help Topics">
      <UniqueIdentifier>{71c2d500-54bf-4509-877f-0553d4d19447}</UniqueIdentifier>
    </Filter>
    <Filter Include="HTML Help Topics\Images">
      <UniqueIdentifier>{006c7d87-9340-4dfb-8971-d7890b76892e}</UniqueIdentifier>
    </Filter>
    <Filter Include="HTML Help Topics\Chips">
      <UniqueIdentifier>{89ff6e95-8e2e-48ea-844b-3fc667f325fb}</UniqueIdentifier>
    </Filter>
    <Filter Include="HTML Help Topics\CSS">
      <UniqueIdentifier>{372a30c4-6395-4e87-8909-d0e913cdceaf}</UniqueIdentifier>
    </Filter>
    <Filter Include="HTML Help Topics\Interface">
      <UniqueIdentifier>{8b9d2713-6ff3-49b3-85b9-8364e5f66c7f}</UniqueIdentifier>
    </Filter>
    <Filter Include="HTML Help Topics\Interface\Configuration">
      <UniqueIdentifier>{9c8cba55-25e8-45c1-bba8-899cb5bd3b06}</UniqueIdentifier>
    </Filter>
    <Filter Include="HTML Help Topics\Interface\Menus">
      <UniqueIdentifier>{a7b5673e-3410-435e-a7e3-78bb728230d7}</UniqueIdentifier>
    </Filter>
    <Filter Include="HTML Help Topics\Interface\Dialogs">
      <UniqueIdentifier>{665607cd-e4d2-4480-a320-695220407752}</UniqueIdentifier>
    </Filter>
  </ItemGroup>
  <ItemGroup>
    <None Include="..\res\export_report.htm">
      <Filter>HTML</Filter>
    </None>
    <None Include="Dn-FamiTracker.hhc">
      <Filter>HTML Help Files</Filter>
    </None>
    <None Include="Dn-FamiTracker.hhk">
      <Filter>HTML Help Files</Filter>
    </None>
    <None Include="changelog.htm">
      <Filter>HTML Help Topics</Filter>
    </None>
    <None Include="faq.htm">
      <Filter>HTML Help Topics</Filter>
    </None>
    <None Include="main_index.htm">
      <Filter>HTML Help Topics</Filter>
    </None>
    <None Include="2a03.htm">
      <Filter>HTML Help Topics\Chips</Filter>
    </None>
    <None Include="fds.htm">
      <Filter>HTML Help Topics\Chips</Filter>
    </None>
    <None Include="mmc5.htm">
      <Filter>HTML Help Topics\Chips</Filter>
    </None>
    <None Include="n163.htm">
      <Filter>HTML Help Topics\Chips</Filter>
    </None>
    <None Include="sound_overview.htm">
      <Filter>HTML Help Topics\Chips</Filter>
    </None>
    <None Include="sunsoft.htm">
      <Filter>HTML Help Topics\Chips</Filter>
    </None>
    <None Include="vrc6.htm">
      <Filter>HTML Help Topics\Chips</Filter>
    </None>
    <None Include="vrc7.htm">
      <Filter>HTML Help Topics\Chips</Filter>
    </None>
    <None Include="style.css">
      <Filter>HTML Help Topics\CSS</Filter>
    </None>
    <None Include="command_line.htm">
      <Filter>HTML Help Topics\Interface</Filter>
    </None>
    <None Include="control_panel.htm">
      <Filter>HTML Help Topics\Interface</Filter>
    </None>
    <None Include="effect_list.htm">
      <Filter>HTML Help Topics\Interface</Filter>
    </None>
    <None Include="interface.htm">
      <Filter>HTML Help Topics\Interface</Filter>
    </None>
    <None Include="menus.htm">
      <Filter>HTML Help Topics\Interface</Filter>
    </None>
    <None Include="pattern_editor.htm">
      <Filter>HTML Help Topics\Interface</Filter>
    </None>
    <None Include="shortcuts.htm">
      <Filter>HTML Help Topics\Interface</Filter>
    </None>
    <None Include="text_export.htm">
      <Filter>HTML Help Topics\Interface</Filter>
    </None>
    <None Include="toolbar.htm">
      <Filter>HTML Help Topics\Interface</Filter>
    </None>
    <None Include="configuration.htm">
      <Filter>HTML Help Topics\Interface\Configuration</Filter>
    </None>
    <None Include="config_appearance.htm">
      <Filter>HTML Help Topics\Interface\Configuration</Filter>
    </None>
    <None Include="config_general.htm">
      <Filter>HTML Help Topics\Interface\Configuration</Filter>
    </None>
    <None Include="config_midi.htm">
      <Filter>HTML Help Topics\Interface\Configuration</Filter>
    </None>
    <None Include="config_mixer.htm">
      <Filter>HTML Help Topics\Interface\Configuration</Filter>
    </None>
    <None Include="config_shortcuts.htm">
      <Filter>HTML Help Topics\Interface\Configuration</Filter>
    </None>
    <None Include="config_sound.htm">
      <Filter>HTML Help Topics\Interface\Configuration</Filter>
    </None>
    <None Include="config_version.htm">
      <Filter>HTML Help Topics\Interface\Configuration</Filter>
    </None>
    <None Include="config_gui.htm">
      <Filter>HTML Help Topics\Interface\Configuration</Filter>
    </None>
    <None Include="config_emulation.htm">
      <Filter>HTML Help Topics\Interface\Configuration</Filter>
    </None>
    <None Include="menu_edit.htm">
      <Filter>HTML Help Topics\Interface\Menus</Filter>
    </None>
    <None Include="menu_file.htm">
      <Filter>HTML Help Topics\Interface\Menus</Filter>
    </None>
    <None Include="menu_help.htm">
      <Filter>HTML Help Topics\Interface\Menus</Filter>
    </None>
    <None Include="menu_instrument.htm">
      <Filter>HTML Help Topics\Interface\Menus</Filter>
    </None>
    <None Include="menu_module.htm">
      <Filter>HTML Help Topics\Interface\Menus</Filter>
    </None>
    <None Include="menu_tracker.htm">
      <Filter>HTML Help Topics\Interface\Menus</Filter>
    </None>
    <None Include="menu_view.htm">
      <Filter>HTML Help Topics\Interface\Menus</Filter>
    </None>
    <None Include="menu_song.htm">
      <Filter>HTML Help Topics\Interface\Menus</Filter>
    </None>
    <None Include="menu_pattern.htm">
      <Filter>HTML Help Topics\Interface\Menus</Filter>
    </None>
    <None Include="comments.htm">
      <Filter>HTML Help Topics\Interface\Dialogs</Filter>
    </None>
    <None Include="dpcm_editor.htm">
      <Filter>HTML Help Topics\Interface\Dialogs</Filter>
    </None>
    <None Include="dpcm_import.htm">
      <Filter>HTML Help Topics\Interface\Dialogs</Filter>
    </None>
    <None Include="export_wave.htm">
      <Filter>HTML Help Topics\Interface\Dialogs</Filter>
    </None>
    <None Include="nsf_export.htm">
      <Filter>HTML Help Topics\Interface\Dialogs</Filter>
    </None>
    <None Include="performance.htm">
      <Filter>HTML Help Topics\Interface\Dialogs</Filter>
    </None>
    <None Include="properties.htm">
      <Filter>HTML Help Topics\Interface\Dialogs</Filter>
    </None>
    <None Include="speed.htm">
      <Filter>HTML Help Topics\Interface\Dialogs</Filter>
    </None>
    <None Include="instruments.htm">
      <Filter>HTML Help Topics\Interface\Dialogs</Filter>
    </None>
    <None Include="sound.htm">
      <Filter>HTML Help Topics\Interface\Dialogs</Filter>
    </None>
  </ItemGroup>
  <ItemGroup>
    <CustomBuild Include="Dn-FamiTracker.hhp">
      <Filter>HTML Help Files</Filter>
    </CustomBuild>
  </ItemGroup>
  <ItemGroup>
    <Image Include="img\comments.png">
      <Filter>HTML Help Topics\Images</Filter>
    </Image>
    <Image Include="img\dpcm_editor.PNG">
      <Filter>HTML Help Topics\Images</Filter>
    </Image>
    <Image Include="img\dpcm_import.png">
      <Filter>HTML Help Topics\Images</Filter>
    </Image>
    <Image Include="img\export_wav.png">
      <Filter>HTML Help Topics\Images</Filter>
    </Image>
    <Image Include="img\fds_fm_table.PNG">
      <Filter>HTML Help Topics\Images</Filter>
    </Image>
    <Image Include="img\frame_editor.png">
      <Filter>HTML Help Topics\Images</Filter>
    </Image>
    <Image Include="img\Icon.png">
      <Filter>HTML Help Topics\Images</Filter>
    </Image>
    <Image Include="img\inst_2a03.png">
      <Filter>HTML Help Topics\Images</Filter>
    </Image>
    <Image Include="img\inst_dpcm.PNG">
      <Filter>HTML Help Topics\Images</Filter>
    </Image>
    <Image Include="img\inst_fds.PNG">
      <Filter>HTML Help Topics\Images</Filter>
    </Image>
    <Image Include="img\inst_n163.png">
      <Filter>HTML Help Topics\Images</Filter>
    </Image>
    <Image Include="img\inst_vrc7.PNG">
      <Filter>HTML Help Topics\Images</Filter>
    </Image>
    <Image Include="img\pattern.png">
      <Filter>HTML Help Topics\Images</Filter>
    </Image>
    <Image Include="img\properties.PNG">
      <Filter>HTML Help Topics\Images</Filter>
    </Image>
    <Image Include="img\toolbar1.png">
      <Filter>HTML Help Topics\Images</Filter>
    </Image>
    <Image Include="img\toolbar2.png">
      <Filter>HTML Help Topics\Images</Filter>
    </Image>
  </ItemGroup>
</Project>