Microsoft Visual Studio Solution File, Format Version 12.00
# Visual Studio 15
VisualStudioVersion = 15.0.27130.2036
MinimumVisualStudioVersion = 10.0.40219.1
Project("{8BC9CEB8-8B4A-11D0-8D11-00A0C91BC942}") = "0CC-FamiTracker", "0CC-FamiTracker.vcxproj", "{92FE0690-CE4F-4CCF-A52C-23265AE7429F}"
EndProject
Global
	GlobalSection(SolutionConfigurationPlatforms) = preSolution
		Debug|Win32 = Debug|Win32
		Release|Win32 = Release|Win32
	EndGlobalSection
	GlobalSection(ProjectConfigurationPlatforms) = postSolution
		{92FE0690-CE4F-4CCF-A52C-23265AE7429F}.Debug|Win32.ActiveCfg = Debug|Win32
		{92FE0690-CE4F-4CCF-A52C-23265AE7429F}.Debug|Win32.Build.0 = Debug|Win32
		{92FE0690-CE4F-4CCF-A52C-23265AE7429F}.Release|Win32.ActiveCfg = Release|Win32
		{92FE0690-CE4F-4CCF-A52C-23265AE7429F}.Release|Win32.Build.0 = Release|Win32
	EndGlobalSection
	GlobalSection(SolutionProperties) = preSolution
		HideSolutionNode = FALSE
	EndGlobalSection
	GlobalSection(ExtensibilityGlobals) = postSolution
		SolutionGuid = {37D52098-999B-4B49-89AD-F6DA40C0AFC3}
	EndGlobalSection
EndGlobal
