Microsoft Visual Studio Solution File, Format Version 12.00
# Visual Studio Version 16
VisualStudioVersion = 16.0.30523.141
MinimumVisualStudioVersion = 10.0.40219.1
Project("{8BC9CEB8-8B4A-11D0-8D11-00A0C91BC942}") = "Dn-FamiTracker", "Dn-FamiTracker.vcxproj", "{92FE0690-CE4F-4CCF-A52C-23265AE7429F}"
	ProjectSection(ProjectDependencies) = postProject
		{5B4C1AA7-4AE9-4FF2-A7E6-8EEE50EDC6E2} = {5B4C1AA7-4AE9-4FF2-A7E6-8EEE50EDC6E2}
	EndProjectSection
EndProject
Project("{8BC9CEB8-8B4A-11D0-8D11-00A0C91BC942}") = "hlp", "hlp\hlp.vcxproj", "{AFD2F6E3-E658-4A1B-A691-8F10A858321B}"
	ProjectSection(ProjectDependencies) = postProject
		{92FE0690-CE4F-4CCF-A52C-23265AE7429F} = {92FE0690-CE4F-4CCF-A52C-23265AE7429F}
	EndProjectSection
EndProject
Project("{8BC9CEB8-8B4A-11D0-8D11-00A0C91BC942}") = "libsamplerate", "Source\libsamplerate\src\libsamplerate.vcxproj", "{5B4C1AA7-4AE9-4FF2-A7E6-8EEE50EDC6E2}"
EndProject
Global
	GlobalSection(SolutionConfigurationPlatforms) = preSolution
		Debug|Win32 = Debug|Win32
		Debug|x64 = Debug|x64
		Release|Win32 = Release|Win32
		Release|x64 = Release|x64
	EndGlobalSection
	GlobalSection(ProjectConfigurationPlatforms) = postSolution
		{92FE0690-CE4F-4CCF-A52C-23265AE7429F}.Debug|Win32.ActiveCfg = Debug|Win32
		{92FE0690-CE4F-4CCF-A52C-23265AE7429F}.Debug|Win32.Build.0 = Debug|Win32
		{92FE0690-CE4F-4CCF-A52C-23265AE7429F}.Debug|x64.ActiveCfg = Debug|x64
		{92FE0690-CE4F-4CCF-A52C-23265AE7429F}.Debug|x64.Build.0 = Debug|x64
		{92FE0690-CE4F-4CCF-A52C-23265AE7429F}.Release|Win32.ActiveCfg = Release|Win32
		{92FE0690-CE4F-4CCF-A52C-23265AE7429F}.Release|Win32.Build.0 = Release|Win32
		{92FE0690-CE4F-4CCF-A52C-23265AE7429F}.Release|x64.ActiveCfg = Release|x64
		{92FE0690-CE4F-4CCF-A52C-23265AE7429F}.Release|x64.Build.0 = Release|x64
		{AFD2F6E3-E658-4A1B-A691-8F10A858321B}.Debug|Win32.ActiveCfg = Debug|Win32
		{AFD2F6E3-E658-4A1B-A691-8F10A858321B}.Debug|Win32.Build.0 = Debug|Win32
		{AFD2F6E3-E658-4A1B-A691-8F10A858321B}.Debug|x64.ActiveCfg = Debug|x64
		{AFD2F6E3-E658-4A1B-A691-8F10A858321B}.Debug|x64.Build.0 = Debug|x64
		{AFD2F6E3-E658-4A1B-A691-8F10A858321B}.Release|Win32.ActiveCfg = Release|Win32
		{AFD2F6E3-E658-4A1B-A691-8F10A858321B}.Release|Win32.Build.0 = Release|Win32
		{AFD2F6E3-E658-4A1B-A691-8F10A858321B}.Release|x64.ActiveCfg = Release|x64
		{AFD2F6E3-E658-4A1B-A691-8F10A858321B}.Release|x64.Build.0 = Release|x64
		{5B4C1AA7-4AE9-4FF2-A7E6-8EEE50EDC6E2}.Debug|Win32.ActiveCfg = Debug|Win32
		{5B4C1AA7-4AE9-4FF2-A7E6-8EEE50EDC6E2}.Debug|Win32.Build.0 = Debug|Win32
		{5B4C1AA7-4AE9-4FF2-A7E6-8EEE50EDC6E2}.Debug|x64.ActiveCfg = Debug|x64
		{5B4C1AA7-4AE9-4FF2-A7E6-8EEE50EDC6E2}.Debug|x64.Build.0 = Debug|x64
		{5B4C1AA7-4AE9-4FF2-A7E6-8EEE50EDC6E2}.Release|Win32.ActiveCfg = Release|Win32
		{5B4C1AA7-4AE9-4FF2-A7E6-8EEE50EDC6E2}.Release|Win32.Build.0 = Release|Win32
		{5B4C1AA7-4AE9-4FF2-A7E6-8EEE50EDC6E2}.Release|x64.ActiveCfg = Release|x64
		{5B4C1AA7-4AE9-4FF2-A7E6-8EEE50EDC6E2}.Release|x64.Build.0 = Release|x64
	EndGlobalSection
	GlobalSection(SolutionProperties) = preSolution
		HideSolutionNode = FALSE
	EndGlobalSection
	GlobalSection(ExtensibilityGlobals) = postSolution
		SolutionGuid = {37D52098-999B-4B49-89AD-F6DA40C0AFC3}
	EndGlobalSection
EndGlobal
