<?xml version="1.0" encoding="utf-8"?>
<Project ToolsVersion="4.0" xmlns="http://schemas.microsoft.com/developer/msbuild/2003">
  <ItemGroup>
    <Filter Include="Source Files">
      <UniqueIdentifier>{4FC737F1-C7A5-4376-A066-2A32D752A2FF}</UniqueIdentifier>
      <Extensions>cpp;c;cxx;def;odl;idl;hpj;bat;asm;asmx</Extensions>
    </Filter>
    <Filter Include="Source Files\Dialog Boxes">
      <UniqueIdentifier>{33fc7b8c-4228-48b1-ad4b-705cc05e2cb7}</UniqueIdentifier>
    </Filter>
    <Filter Include="Source Files\Dialog Boxes\Config">
      <UniqueIdentifier>{d708da5e-0509-4c8f-b768-bdc6a928ee58}</UniqueIdentifier>
    </Filter>
    <Filter Include="Source Files\Dialog Boxes\Instrument">
      <UniqueIdentifier>{8f8d9636-02cd-4da6-a764-677d16db1e8e}</UniqueIdentifier>
    </Filter>
    <Filter Include="Source Files\Dialog Boxes\Instrument\Related">
      <UniqueIdentifier>{49ac2042-699e-4193-ae28-7e421fcb049f}</UniqueIdentifier>
    </Filter>
    <Filter Include="Source Files\Dialog Boxes\Instrument\Related\Sequence editor">
      <UniqueIdentifier>{ba772b5d-3108-4be1-b99f-fc929be99cd2}</UniqueIdentifier>
    </Filter>
    <Filter Include="Source Files\Dialog Boxes\Instrument\Related\Resampler">
      <UniqueIdentifier>{54d69864-9198-4688-98ac-4dd96c0d7d7a}</UniqueIdentifier>
    </Filter>
    <Filter Include="Source Files\Dialog Boxes\Instrument\Related\DPCM Editor">
      <UniqueIdentifier>{5ab06cc1-2cfb-493b-a1c5-f7bc20cf78ad}</UniqueIdentifier>
    </Filter>
    <Filter Include="Source Files\Dialog Boxes\Instrument\Instrument panels">
      <UniqueIdentifier>{b5c7ca71-dd1d-4b33-a9aa-f112d57b48da}</UniqueIdentifier>
    </Filter>
    <Filter Include="Source Files\Dialog Boxes\Wave export">
      <UniqueIdentifier>{04dc08c7-647f-43a5-8575-2c28ce070782}</UniqueIdentifier>
    </Filter>
    <Filter Include="Source Files\Exporter">
      <UniqueIdentifier>{a6165920-9390-4575-a96e-395b0cb7cc12}</UniqueIdentifier>
    </Filter>
    <Filter Include="Source Files\Exporter\Custom Exporter">
      <UniqueIdentifier>{685eb3ad-3708-429b-9b25-296fc1e358bb}</UniqueIdentifier>
    </Filter>
    <Filter Include="Source Files\Exporter\Text">
      <UniqueIdentifier>{badd21c5-24b7-4045-819b-d4b0f1b2f89e}</UniqueIdentifier>
    </Filter>
    <Filter Include="Source Files\Exporter\Chunk">
      <UniqueIdentifier>{b4ffb6c5-f100-47f6-9c58-1f944fbe7bd6}</UniqueIdentifier>
    </Filter>
    <Filter Include="Source Files\Document Data Types">
      <UniqueIdentifier>{ca5e7275-3c60-49f3-80c8-3df936eb77ff}</UniqueIdentifier>
    </Filter>
    <Filter Include="Source Files\Document Data Types\Instruments">
      <UniqueIdentifier>{6bbfb27a-0159-4479-a18d-63cfe1dc519f}</UniqueIdentifier>
    </Filter>
    <Filter Include="Source Files\Visualizer">
      <UniqueIdentifier>{e7bc6bda-ba47-42af-97f4-462e95e37eb1}</UniqueIdentifier>
    </Filter>
    <Filter Include="Source Files\Visualizer\Visualizers">
      <UniqueIdentifier>{491bbcb9-957e-41d0-aa45-3664165a1f09}</UniqueIdentifier>
    </Filter>
    <Filter Include="Source Files\Sound Driver">
      <UniqueIdentifier>{a262a7e0-ac1f-4052-b0fe-a9d16bf8f04d}</UniqueIdentifier>
    </Filter>
    <Filter Include="Source Files\Sound Driver\Emulation">
      <UniqueIdentifier>{e93ebf97-6cad-454c-bc8e-d640f86cd266}</UniqueIdentifier>
    </Filter>
    <Filter Include="Source Files\Sound Driver\Emulation\Blip_Buffer">
      <UniqueIdentifier>{b8dcf07e-2ab4-4484-bc8c-3d621cabc475}</UniqueIdentifier>
    </Filter>
    <Filter Include="Source Files\Sound Driver\Channels">
      <UniqueIdentifier>{b110f709-fbbc-4650-ab08-83c932118b03}</UniqueIdentifier>
    </Filter>
    <Filter Include="Source Files\Sound Driver\Audio">
      <UniqueIdentifier>{2387ad15-c0e0-4193-ac23-f2918b1fdf83}</UniqueIdentifier>
    </Filter>
    <Filter Include="Source Files\Other">
      <UniqueIdentifier>{5201f53e-7fef-4c6f-9a20-d56e2c1a5ea9}</UniqueIdentifier>
    </Filter>
    <Filter Include="Source Files\MIDI">
      <UniqueIdentifier>{1fddba42-4fff-4e13-a0a5-e045b70453dc}</UniqueIdentifier>
    </Filter>
    <Filter Include="Source Files\Pattern Editor">
      <UniqueIdentifier>{8ebb2b18-fa85-4b21-a3fa-29c30a19ffef}</UniqueIdentifier>
    </Filter>
    <Filter Include="Source Files\Frame Editor">
      <UniqueIdentifier>{3c06237c-16ac-4683-a15b-b6f788bc9748}</UniqueIdentifier>
    </Filter>
    <Filter Include="Source Files\Custom Controls">
      <UniqueIdentifier>{5c83a23a-649e-47a7-b338-2290d6a5095c}</UniqueIdentifier>
    </Filter>
    <Filter Include="Source Files\Components">
      <UniqueIdentifier>{d7bcf1b4-7a3c-4837-bc81-5cea3191a79c}</UniqueIdentifier>
    </Filter>
    <Filter Include="Header Files">
      <UniqueIdentifier>{93995380-89BD-4b04-88EB-625FBE52EBFB}</UniqueIdentifier>
      <Extensions>h;hpp;hxx;hm;inl;inc;xsd</Extensions>
    </Filter>
    <Filter Include="Header Files\Sound Driver Headers">
      <UniqueIdentifier>{1b57d422-ab3e-48cb-9cbf-bdd9db74289b}</UniqueIdentifier>
    </Filter>
    <Filter Include="Header Files\Sound Driver Headers\Emulation Headers">
      <UniqueIdentifier>{5c52a1c6-b7f6-4738-966a-360aea51831d}</UniqueIdentifier>
    </Filter>
    <Filter Include="Header Files\Sound Driver Headers\Blip_Buffer Headers">
      <UniqueIdentifier>{acdc884a-b8a0-4fe3-9890-d0ecbdcbeb52}</UniqueIdentifier>
    </Filter>
    <Filter Include="Header Files\Sound Driver Headers\Channels Headers">
      <UniqueIdentifier>{4ae5bef7-3b31-4788-9cf0-78d12b7300f9}</UniqueIdentifier>
    </Filter>
    <Filter Include="Header Files\Sound Driver Headers\Audio Headers">
      <UniqueIdentifier>{46612da3-a9a6-415d-bdf6-5e7308f67aea}</UniqueIdentifier>
    </Filter>
    <Filter Include="Header Files\Dialog Boxes Headers">
      <UniqueIdentifier>{da8bda29-2d4d-4443-8719-cf084b746eac}</UniqueIdentifier>
    </Filter>
    <Filter Include="Header Files\Dialog Boxes Headers\Instrument Headers">
      <UniqueIdentifier>{61f4c65c-d2d3-40b4-8b51-340ae97e2733}</UniqueIdentifier>
    </Filter>
    <Filter Include="Header Files\Dialog Boxes Headers\Instrument Headers\Related Headers">
      <UniqueIdentifier>{ab8b8846-d8f9-4507-958d-91c44081d911}</UniqueIdentifier>
    </Filter>
    <Filter Include="Header Files\Dialog Boxes Headers\Instrument Headers\Related Headers\Sequence editor Headers">
      <UniqueIdentifier>{cd106160-5aa5-418e-9ca0-390f2f51adbd}</UniqueIdentifier>
    </Filter>
    <Filter Include="Header Files\Dialog Boxes Headers\Instrument Headers\Related Headers\Resampler Headers">
      <UniqueIdentifier>{1abb8872-409e-4795-8d17-3afd86d917c1}</UniqueIdentifier>
    </Filter>
    <Filter Include="Header Files\Dialog Boxes Headers\Instrument Headers\Related Headers\DPCM Editor Headers">
      <UniqueIdentifier>{028fb70b-0ac4-49a1-919a-3d0d4d07c581}</UniqueIdentifier>
    </Filter>
    <Filter Include="Header Files\Dialog Boxes Headers\Instrument Headers\Instrument dialog">
      <UniqueIdentifier>{26014049-f403-4ac6-b445-a9abeb8715f8}</UniqueIdentifier>
    </Filter>
    <Filter Include="Header Files\Visualizer Headers">
      <UniqueIdentifier>{bbcfd10b-1aab-4725-925c-eb15fcf4542d}</UniqueIdentifier>
    </Filter>
    <Filter Include="Header Files\Visualizer Headers\Visualizers Headers">
      <UniqueIdentifier>{47e07727-bdfd-42a0-9aee-e3e272d145a7}</UniqueIdentifier>
    </Filter>
    <Filter Include="Header Files\Export Headers">
      <UniqueIdentifier>{52a1983c-b3ef-4db8-9132-e51d942b8642}</UniqueIdentifier>
    </Filter>
    <Filter Include="Header Files\Export Headers\Custom Exporter Headers">
      <UniqueIdentifier>{878bd418-e5f4-460d-864b-560051f19ba5}</UniqueIdentifier>
    </Filter>
    <Filter Include="Header Files\Export Headers\Chunk Headers">
      <UniqueIdentifier>{4e4433af-9491-4d54-a227-c47c48392ed9}</UniqueIdentifier>
    </Filter>
    <Filter Include="Header Files\Export Headers\Text Headers">
      <UniqueIdentifier>{320c64a9-c575-4174-aa62-9d8f2fe27a51}</UniqueIdentifier>
    </Filter>
    <Filter Include="Header Files\Other Headers">
      <UniqueIdentifier>{84505517-f39f-413a-bcc5-5cf19175cc87}</UniqueIdentifier>
    </Filter>
    <Filter Include="Header Files\MIDI Headers">
      <UniqueIdentifier>{5d9e33f1-088c-454f-b797-395732ef2968}</UniqueIdentifier>
    </Filter>
    <Filter Include="Header Files\Document Data Type Headers">
      <UniqueIdentifier>{b8689e34-4199-485e-9c1b-e77372a7a27e}</UniqueIdentifier>
    </Filter>
    <Filter Include="Header Files\Document Data Type Headers\Instrument Headers">
      <UniqueIdentifier>{da8ec827-80c5-46f8-a662-2e43b07d253c}</UniqueIdentifier>
    </Filter>
    <Filter Include="Header Files\Pattern Editor Headers">
      <UniqueIdentifier>{54b67771-5865-406d-a0bf-ccbed181dfc9}</UniqueIdentifier>
    </Filter>
    <Filter Include="Header Files\Frame Editor Headers">
      <UniqueIdentifier>{15aa8cd8-2a19-4263-b35a-2c84b75254db}</UniqueIdentifier>
    </Filter>
    <Filter Include="Header Files\Custom Control Headers">
      <UniqueIdentifier>{7b452c5f-22c9-4955-adec-2c960fc3d084}</UniqueIdentifier>
    </Filter>
    <Filter Include="Header Files\Components Headers">
      <UniqueIdentifier>{a79eadc6-743d-4228-954a-87d5bc093b47}</UniqueIdentifier>
    </Filter>
    <Filter Include="Resource Files">
      <UniqueIdentifier>{67DA6AB6-F800-4c08-8B7A-83BB121AAD01}</UniqueIdentifier>
      <Extensions>rc;ico;cur;bmp;dlg;rc2;rct;bin;rgs;gif;jpg;jpeg;jpe;resx</Extensions>
    </Filter>
    <Filter Include="Resource Files\Icons">
      <UniqueIdentifier>{a87c037f-cb6b-42f6-a140-dc6a0bd10969}</UniqueIdentifier>
    </Filter>
    <Filter Include="Resource Files\Bitmaps">
      <UniqueIdentifier>{3c0eb6e1-cb4f-4199-9306-8e30e8f4bcb9}</UniqueIdentifier>
    </Filter>
    <Filter Include="NSF driver">
      <UniqueIdentifier>{902336ea-2d2b-45f8-a76f-2be92c15f953}</UniqueIdentifier>
    </Filter>
    <Filter Include="Header Files\Dialog Boxes Headers\Config Headers">
      <UniqueIdentifier>{f6fc5dfb-3ada-41b9-95ff-2eacdf50def7}</UniqueIdentifier>
    </Filter>
    <Filter Include="Source Files\Sound Driver\Instruments">
      <UniqueIdentifier>{08b0410e-d622-4d01-a401-d261e5357c93}</UniqueIdentifier>
    </Filter>
    <Filter Include="Header Files\Sound Driver Headers\Instruments Headers">
      <UniqueIdentifier>{d13185f1-1372-469a-b67c-0a63deb8837b}</UniqueIdentifier>
    </Filter>
    <Filter Include="Source Files\Document Components">
      <UniqueIdentifier>{538b97c7-e44a-4820-b336-b443e2d6a17e}</UniqueIdentifier>
    </Filter>
    <Filter Include="Header Files\Document Component Headers">
      <UniqueIdentifier>{3343ebba-3071-45d6-82d0-13da6a3d55ea}</UniqueIdentifier>
    </Filter>
    <Filter Include="Header Files\Dialog Boxes Headers\Wave Export Headers">
      <UniqueIdentifier>{07b4d88f-6ca3-4195-91e5-211da1d79ec2}</UniqueIdentifier>
    </Filter>
    <Filter Include="Header Files\Export Headers\NSF Driver Headers">
      <UniqueIdentifier>{8a13d9a5-57df-4a74-98ed-32b22988f021}</UniqueIdentifier>
    </Filter>
    <Filter Include="Source Files\Sound Driver\Emulation\Internal Channels">
      <UniqueIdentifier>{3931a8ff-bd19-453d-bf1c-ffd5ac81e4bc}</UniqueIdentifier>
    </Filter>
    <Filter Include="Source Files\Sound Driver\Emulation\Sound Chips">
      <UniqueIdentifier>{054c1c46-130d-4482-95ae-ef122acf37ae}</UniqueIdentifier>
    </Filter>
    <Filter Include="Source Files\Sound Driver\Emulation\Sound Chips\External">
      <UniqueIdentifier>{4b2cd041-94e9-49f0-92f5-111e73c05385}</UniqueIdentifier>
    </Filter>
    <Filter Include="Header Files\Sound Driver Headers\Emulation Headers\Internal Channels Headers">
      <UniqueIdentifier>{601b20e6-4fbc-4bbf-88e9-d2189b54a8a4}</UniqueIdentifier>
    </Filter>
    <Filter Include="Header Files\Sound Driver Headers\Emulation Headers\Sound Chip Headers">
      <UniqueIdentifier>{9ee503ff-184b-4f1f-9262-28f317a15e44}</UniqueIdentifier>
    </Filter>
    <Filter Include="Header Files\Sound Driver Headers\Emulation Headers\Sound Chip Headers\External">
      <UniqueIdentifier>{3e82601e-63d9-464e-a6d6-346452bd39b5}</UniqueIdentifier>
    </Filter>
    <Filter Include="Header Files\Windows Headers">
      <UniqueIdentifier>{4cc7efc0-6478-4fe0-ab32-cd34c48e735a}</UniqueIdentifier>
    </Filter>
    <Filter Include="Header Files\utils">
      <UniqueIdentifier>{d048192f-ce5d-455d-84ee-c9609fffd270}</UniqueIdentifier>
    </Filter>
    <Filter Include="Source Files\utils">
      <UniqueIdentifier>{5b5628bb-0b1c-41b9-919d-73689e71d621}</UniqueIdentifier>
    </Filter>
  </ItemGroup>
  <ItemGroup>
    <ClCompile Include="Source\Exception.cpp">
      <Filter>Source Files</Filter>
    </ClCompile>
    <ClCompile Include="Source\FamiTracker.cpp">
      <Filter>Source Files</Filter>
    </ClCompile>
    <ClCompile Include="Source\FamiTrackerView.cpp">
      <Filter>Source Files</Filter>
    </ClCompile>
    <ClCompile Include="Source\MainFrm.cpp">
      <Filter>Source Files</Filter>
    </ClCompile>
    <ClCompile Include="Source\stdafx.cpp">
      <Filter>Source Files</Filter>
    </ClCompile>
    <ClCompile Include="Source\AboutDlg.cpp">
      <Filter>Source Files\Dialog Boxes</Filter>
    </ClCompile>
    <ClCompile Include="Source\ChannelsDlg.cpp">
      <Filter>Source Files\Dialog Boxes</Filter>
    </ClCompile>
    <ClCompile Include="Source\CommentsDlg.cpp">
      <Filter>Source Files\Dialog Boxes</Filter>
    </ClCompile>
    <ClCompile Include="Source\DialogReBar.cpp">
      <Filter>Source Files\Dialog Boxes</Filter>
    </ClCompile>
    <ClCompile Include="Source\ExportDialog.cpp">
      <Filter>Source Files\Dialog Boxes</Filter>
    </ClCompile>
    <ClCompile Include="Source\ModuleImportDlg.cpp">
      <Filter>Source Files\Dialog Boxes</Filter>
    </ClCompile>
    <ClCompile Include="Source\ModulePropertiesDlg.cpp">
      <Filter>Source Files\Dialog Boxes</Filter>
    </ClCompile>
    <ClCompile Include="Source\PerformanceDlg.cpp">
      <Filter>Source Files\Dialog Boxes</Filter>
    </ClCompile>
    <ClCompile Include="Source\SpeedDlg.cpp">
      <Filter>Source Files\Dialog Boxes</Filter>
    </ClCompile>
    <ClCompile Include="Source\ConfigAppearance.cpp">
      <Filter>Source Files\Dialog Boxes\Config</Filter>
    </ClCompile>
    <ClCompile Include="Source\ConfigGeneral.cpp">
      <Filter>Source Files\Dialog Boxes\Config</Filter>
    </ClCompile>
    <ClCompile Include="Source\ConfigMIDI.cpp">
      <Filter>Source Files\Dialog Boxes\Config</Filter>
    </ClCompile>
    <ClCompile Include="Source\ConfigMixer.cpp">
      <Filter>Source Files\Dialog Boxes\Config</Filter>
    </ClCompile>
    <ClCompile Include="Source\ConfigShortcuts.cpp">
      <Filter>Source Files\Dialog Boxes\Config</Filter>
    </ClCompile>
    <ClCompile Include="Source\ConfigSound.cpp">
      <Filter>Source Files\Dialog Boxes\Config</Filter>
    </ClCompile>
    <ClCompile Include="Source\InstrumentEditDlg.cpp">
      <Filter>Source Files\Dialog Boxes\Instrument</Filter>
    </ClCompile>
    <ClCompile Include="Source\ModSequenceEditor.cpp">
      <Filter>Source Files\Dialog Boxes\Instrument\Related</Filter>
    </ClCompile>
    <ClCompile Include="Source\PCMImport.cpp">
      <Filter>Source Files\Dialog Boxes\Instrument\Related</Filter>
    </ClCompile>
    <ClCompile Include="Source\WaveEditor.cpp">
      <Filter>Source Files\Dialog Boxes\Instrument\Related</Filter>
    </ClCompile>
    <ClCompile Include="Source\GraphEditor.cpp">
      <Filter>Source Files\Dialog Boxes\Instrument\Related\Sequence editor</Filter>
    </ClCompile>
    <ClCompile Include="Source\SequenceEditor.cpp">
      <Filter>Source Files\Dialog Boxes\Instrument\Related\Sequence editor</Filter>
    </ClCompile>
    <ClCompile Include="Source\SequenceSetting.cpp">
      <Filter>Source Files\Dialog Boxes\Instrument\Related\Sequence editor</Filter>
    </ClCompile>
    <ClCompile Include="Source\SizeEditor.cpp">
      <Filter>Source Files\Dialog Boxes\Instrument\Related\Sequence editor</Filter>
    </ClCompile>
    <ClCompile Include="Source\resampler\resample.cpp">
      <Filter>Source Files\Dialog Boxes\Instrument\Related\Resampler</Filter>
    </ClCompile>
    <ClCompile Include="Source\resampler\sinc.cpp">
      <Filter>Source Files\Dialog Boxes\Instrument\Related\Resampler</Filter>
    </ClCompile>
    <ClCompile Include="Source\SampleEditorDlg.cpp">
      <Filter>Source Files\Dialog Boxes\Instrument\Related\DPCM Editor</Filter>
    </ClCompile>
    <ClCompile Include="Source\SampleEditorView.cpp">
      <Filter>Source Files\Dialog Boxes\Instrument\Related\DPCM Editor</Filter>
    </ClCompile>
    <ClCompile Include="Source\InstrumentEditorDPCM.cpp">
      <Filter>Source Files\Dialog Boxes\Instrument\Instrument panels</Filter>
    </ClCompile>
    <ClCompile Include="Source\InstrumentEditorFDS.cpp">
      <Filter>Source Files\Dialog Boxes\Instrument\Instrument panels</Filter>
    </ClCompile>
    <ClCompile Include="Source\InstrumentEditorFDSEnvelope.cpp">
      <Filter>Source Files\Dialog Boxes\Instrument\Instrument panels</Filter>
    </ClCompile>
    <ClCompile Include="Source\InstrumentEditorN163Wave.cpp">
      <Filter>Source Files\Dialog Boxes\Instrument\Instrument panels</Filter>
    </ClCompile>
    <ClCompile Include="Source\InstrumentEditorVRC7.cpp">
      <Filter>Source Files\Dialog Boxes\Instrument\Instrument panels</Filter>
    </ClCompile>
    <ClCompile Include="Source\InstrumentEditPanel.cpp">
      <Filter>Source Files\Dialog Boxes\Instrument\Instrument panels</Filter>
    </ClCompile>
    <ClCompile Include="Source\CreateWaveDlg.cpp">
      <Filter>Source Files\Dialog Boxes\Wave export</Filter>
    </ClCompile>
    <ClCompile Include="Source\WavProgressDlg.cpp">
      <Filter>Source Files\Dialog Boxes\Wave export</Filter>
    </ClCompile>
    <ClCompile Include="Source\CommandLineExport.cpp">
      <Filter>Source Files\Exporter</Filter>
    </ClCompile>
    <ClCompile Include="Source\Compiler.cpp">
      <Filter>Source Files\Exporter</Filter>
    </ClCompile>
    <ClCompile Include="Source\PatternCompiler.cpp">
      <Filter>Source Files\Exporter</Filter>
    </ClCompile>
    <ClCompile Include="Source\CustomExporter.cpp">
      <Filter>Source Files\Exporter\Custom Exporter</Filter>
    </ClCompile>
    <ClCompile Include="Source\CustomExporter_C_Interface.cpp">
      <Filter>Source Files\Exporter\Custom Exporter</Filter>
    </ClCompile>
    <ClCompile Include="Source\CustomExporters.cpp">
      <Filter>Source Files\Exporter\Custom Exporter</Filter>
    </ClCompile>
    <ClCompile Include="Source\DocumentWrapper.cpp">
      <Filter>Source Files\Exporter\Custom Exporter</Filter>
    </ClCompile>
    <ClCompile Include="Source\TextExporter.cpp">
      <Filter>Source Files\Exporter\Text</Filter>
    </ClCompile>
    <ClCompile Include="Source\Chunk.cpp">
      <Filter>Source Files\Exporter\Chunk</Filter>
    </ClCompile>
    <ClCompile Include="Source\ChunkRenderBinary.cpp">
      <Filter>Source Files\Exporter\Chunk</Filter>
    </ClCompile>
    <ClCompile Include="Source\ChunkRenderText.cpp">
      <Filter>Source Files\Exporter\Chunk</Filter>
    </ClCompile>
    <ClCompile Include="Source\DSample.cpp">
      <Filter>Source Files\Document Data Types</Filter>
    </ClCompile>
    <ClCompile Include="Source\PatternData.cpp">
      <Filter>Source Files\Document Data Types</Filter>
    </ClCompile>
    <ClCompile Include="Source\Sequence.cpp">
      <Filter>Source Files\Document Data Types</Filter>
    </ClCompile>
    <ClCompile Include="Source\Instrument.cpp">
      <Filter>Source Files\Document Data Types\Instruments</Filter>
    </ClCompile>
    <ClCompile Include="Source\Instrument2A03.cpp">
      <Filter>Source Files\Document Data Types\Instruments</Filter>
    </ClCompile>
    <ClCompile Include="Source\InstrumentFDS.cpp">
      <Filter>Source Files\Document Data Types\Instruments</Filter>
    </ClCompile>
    <ClCompile Include="Source\InstrumentN163.cpp">
      <Filter>Source Files\Document Data Types\Instruments</Filter>
    </ClCompile>
    <ClCompile Include="Source\InstrumentS5B.cpp">
      <Filter>Source Files\Document Data Types\Instruments</Filter>
    </ClCompile>
    <ClCompile Include="Source\InstrumentVRC6.cpp">
      <Filter>Source Files\Document Data Types\Instruments</Filter>
    </ClCompile>
    <ClCompile Include="Source\InstrumentVRC7.cpp">
      <Filter>Source Files\Document Data Types\Instruments</Filter>
    </ClCompile>
    <ClCompile Include="Source\VisualizerWnd.cpp">
      <Filter>Source Files\Visualizer</Filter>
    </ClCompile>
    <ClCompile Include="Source\VisualizerScope.cpp">
      <Filter>Source Files\Visualizer\Visualizers</Filter>
    </ClCompile>
    <ClCompile Include="Source\VisualizerSpectrum.cpp">
      <Filter>Source Files\Visualizer\Visualizers</Filter>
    </ClCompile>
    <ClCompile Include="Source\VisualizerStatic.cpp">
      <Filter>Source Files\Visualizer\Visualizers</Filter>
    </ClCompile>
    <ClCompile Include="Source\ChannelMap.cpp">
      <Filter>Source Files\Sound Driver</Filter>
    </ClCompile>
    <ClCompile Include="Source\SoundGen.cpp">
      <Filter>Source Files\Sound Driver</Filter>
    </ClCompile>
    <ClCompile Include="Source\TrackerChannel.cpp">
      <Filter>Source Files\Sound Driver</Filter>
    </ClCompile>
    <ClCompile Include="Source\Apu\APU.cpp">
      <Filter>Source Files\Sound Driver\Emulation</Filter>
    </ClCompile>
    <ClCompile Include="Source\Apu\Mixer.cpp">
      <Filter>Source Files\Sound Driver\Emulation</Filter>
    </ClCompile>
    <ClCompile Include="Source\Apu\DPCM.cpp">
      <Filter>Source Files\Sound Driver\Emulation\Internal Channels</Filter>
    </ClCompile>
    <ClCompile Include="Source\Apu\Noise.cpp">
      <Filter>Source Files\Sound Driver\Emulation\Internal Channels</Filter>
    </ClCompile>
    <ClCompile Include="Source\Apu\Square.cpp">
      <Filter>Source Files\Sound Driver\Emulation\Internal Channels</Filter>
    </ClCompile>
    <ClCompile Include="Source\Apu\Triangle.cpp">
      <Filter>Source Files\Sound Driver\Emulation\Internal Channels</Filter>
    </ClCompile>
    <ClCompile Include="Source\APU\FDS.cpp">
      <Filter>Source Files\Sound Driver\Emulation\Sound Chips</Filter>
    </ClCompile>
    <ClCompile Include="Source\APU\MMC5.CPP">
      <Filter>Source Files\Sound Driver\Emulation\Sound Chips</Filter>
    </ClCompile>
    <ClCompile Include="Source\APU\N163.CPP">
      <Filter>Source Files\Sound Driver\Emulation\Sound Chips</Filter>
    </ClCompile>
    <ClCompile Include="Source\Apu\VRC6.cpp">
      <Filter>Source Files\Sound Driver\Emulation\Sound Chips</Filter>
    </ClCompile>
    <ClCompile Include="Source\APU\VRC7.cpp">
      <Filter>Source Files\Sound Driver\Emulation\Sound Chips</Filter>
    </ClCompile>
    <ClCompile Include="Source\APU\emu2413.c">
      <Filter>Source Files\Sound Driver\Emulation\Sound Chips\External</Filter>
    </ClCompile>
    <ClCompile Include="Source\APU\FDSSound.cpp">
      <Filter>Source Files\Sound Driver\Emulation\Sound Chips\External</Filter>
    </ClCompile>
    <ClCompile Include="Source\Blip_Buffer\Blip_Buffer.cpp">
      <Filter>Source Files\Sound Driver\Emulation\Blip_Buffer</Filter>
    </ClCompile>
    <ClCompile Include="Source\ChannelHandler.cpp">
      <Filter>Source Files\Sound Driver\Channels</Filter>
    </ClCompile>
    <ClCompile Include="Source\Channels2A03.cpp">
      <Filter>Source Files\Sound Driver\Channels</Filter>
    </ClCompile>
    <ClCompile Include="Source\ChannelsFDS.cpp">
      <Filter>Source Files\Sound Driver\Channels</Filter>
    </ClCompile>
    <ClCompile Include="Source\ChannelsMMC5.cpp">
      <Filter>Source Files\Sound Driver\Channels</Filter>
    </ClCompile>
    <ClCompile Include="Source\ChannelsN163.cpp">
      <Filter>Source Files\Sound Driver\Channels</Filter>
    </ClCompile>
    <ClCompile Include="Source\ChannelsS5B.cpp">
      <Filter>Source Files\Sound Driver\Channels</Filter>
    </ClCompile>
    <ClCompile Include="Source\ChannelsVRC6.cpp">
      <Filter>Source Files\Sound Driver\Channels</Filter>
    </ClCompile>
    <ClCompile Include="Source\ChannelsVRC7.cpp">
      <Filter>Source Files\Sound Driver\Channels</Filter>
    </ClCompile>
    <ClCompile Include="Source\DirectSound.cpp">
      <Filter>Source Files\Sound Driver\Audio</Filter>
    </ClCompile>
    <ClCompile Include="Source\MIDI.cpp">
      <Filter>Source Files\MIDI</Filter>
    </ClCompile>
    <ClCompile Include="Source\Clipboard.cpp">
      <Filter>Source Files\Pattern Editor</Filter>
    </ClCompile>
    <ClCompile Include="Source\PatternAction.cpp">
      <Filter>Source Files\Pattern Editor</Filter>
    </ClCompile>
    <ClCompile Include="Source\PatternEditor.cpp">
      <Filter>Source Files\Pattern Editor</Filter>
    </ClCompile>
    <ClCompile Include="Source\PatternEditorTypes.cpp">
      <Filter>Source Files\Pattern Editor</Filter>
    </ClCompile>
    <ClCompile Include="Source\FrameAction.cpp">
      <Filter>Source Files\Frame Editor</Filter>
    </ClCompile>
    <ClCompile Include="Source\FrameEditor.cpp">
      <Filter>Source Files\Frame Editor</Filter>
    </ClCompile>
    <ClCompile Include="Source\ControlPanelDlg.cpp">
      <Filter>Source Files\Custom Controls</Filter>
    </ClCompile>
    <ClCompile Include="Source\CustomControls.cpp">
      <Filter>Source Files\Custom Controls</Filter>
    </ClCompile>
    <ClCompile Include="Source\InstrumentListCtrl.cpp">
      <Filter>Source Files\Custom Controls</Filter>
    </ClCompile>
    <ClCompile Include="Source\Accelerator.cpp">
      <Filter>Source Files\Components</Filter>
    </ClCompile>
    <ClCompile Include="Source\Action.cpp">
      <Filter>Source Files\Components</Filter>
    </ClCompile>
    <ClCompile Include="Source\DocumentFile.cpp">
      <Filter>Source Files\Components</Filter>
    </ClCompile>
    <ClCompile Include="Source\Graphics.cpp">
      <Filter>Source Files\Components</Filter>
    </ClCompile>
    <ClCompile Include="Source\InstrumentFileTree.cpp">
      <Filter>Source Files\Components</Filter>
    </ClCompile>
    <ClCompile Include="Source\Settings.cpp">
      <Filter>Source Files\Components</Filter>
    </ClCompile>
    <ClCompile Include="Source\WaveFile.cpp">
      <Filter>Source Files\Components</Filter>
    </ClCompile>
    <ClCompile Include="Source\Groove.cpp">
      <Filter>Source Files\Document Data Types</Filter>
    </ClCompile>
    <ClCompile Include="Source\DetuneDlg.cpp">
      <Filter>Source Files\Dialog Boxes</Filter>
    </ClCompile>
    <ClCompile Include="Source\FindDlg.cpp">
      <Filter>Source Files\Dialog Boxes</Filter>
    </ClCompile>
    <ClCompile Include="Source\GrooveDlg.cpp">
      <Filter>Source Files\Dialog Boxes</Filter>
    </ClCompile>
    <ClCompile Include="Source\StretchDlg.cpp">
      <Filter>Source Files\Dialog Boxes</Filter>
    </ClCompile>
    <ClCompile Include="Source\GotoDlg.cpp">
      <Filter>Source Files\Dialog Boxes</Filter>
    </ClCompile>
    <ClCompile Include="Source\BookmarkDlg.cpp">
      <Filter>Source Files\Dialog Boxes</Filter>
    </ClCompile>
    <ClCompile Include="Source\SwapDlg.cpp">
      <Filter>Source Files\Dialog Boxes</Filter>
    </ClCompile>
    <ClCompile Include="Source\RecordSettingsDlg.cpp">
      <Filter>Source Files\Dialog Boxes</Filter>
    </ClCompile>
    <ClCompile Include="Source\SeqInstHandler.cpp">
      <Filter>Source Files\Sound Driver\Instruments</Filter>
    </ClCompile>
    <ClCompile Include="Source\InstHandlerVRC7.cpp">
      <Filter>Source Files\Sound Driver\Instruments</Filter>
    </ClCompile>
    <ClCompile Include="Source\SeqInstHandlerFDS.cpp">
      <Filter>Source Files\Sound Driver\Instruments</Filter>
    </ClCompile>
    <ClCompile Include="Source\SeqInstHandlerN163.cpp">
      <Filter>Source Files\Sound Driver\Instruments</Filter>
    </ClCompile>
    <ClCompile Include="Source\SequenceCollection.cpp">
      <Filter>Source Files\Document Data Types</Filter>
    </ClCompile>
    <ClCompile Include="Source\FamiTrackerDoc.cpp">
      <Filter>Source Files\Document Components</Filter>
    </ClCompile>
    <ClCompile Include="Source\SequenceManager.cpp">
      <Filter>Source Files\Document Components</Filter>
    </ClCompile>
    <ClCompile Include="Source\InstrumentEditorSeq.cpp">
      <Filter>Source Files\Dialog Boxes\Instrument\Instrument panels</Filter>
    </ClCompile>
    <ClCompile Include="Source\ConfigVersion.cpp">
      <Filter>Source Files\Dialog Boxes\Config</Filter>
    </ClCompile>
    <ClCompile Include="Source\InstrumentManager.cpp">
      <Filter>Source Files\Document Components</Filter>
    </ClCompile>
    <ClCompile Include="Source\WaveformGenerator.cpp">
      <Filter>Source Files\Dialog Boxes\Instrument\Related</Filter>
    </ClCompile>
    <ClCompile Include="Source\WavegenBuiltin.cpp">
      <Filter>Source Files\Dialog Boxes\Instrument\Related</Filter>
    </ClCompile>
    <ClCompile Include="Source\TransposeDlg.cpp">
      <Filter>Source Files\Dialog Boxes</Filter>
    </ClCompile>
    <ClCompile Include="Source\ModuleException.cpp">
      <Filter>Source Files\Document Components</Filter>
    </ClCompile>
    <ClCompile Include="Source\DSampleManager.cpp">
      <Filter>Source Files\Document Components</Filter>
    </ClCompile>
    <ClCompile Include="Source\SeqInstrument.cpp">
      <Filter>Source Files\Document Data Types\Instruments</Filter>
    </ClCompile>
    <ClCompile Include="Source\InstrumentFactory.cpp">
      <Filter>Source Files\Document Data Types\Instruments</Filter>
    </ClCompile>
    <ClCompile Include="Source\OldSequence.cpp">
      <Filter>Source Files\Document Data Types</Filter>
    </ClCompile>
    <ClCompile Include="Source\BookmarkManager.cpp">
      <Filter>Source Files\Document Components</Filter>
    </ClCompile>
    <ClCompile Include="Source\BookmarkCollection.cpp">
      <Filter>Source Files\Document Data Types</Filter>
    </ClCompile>
    <ClCompile Include="Source\Bookmark.cpp">
      <Filter>Source Files\Document Data Types</Filter>
    </ClCompile>
    <ClCompile Include="Source\ChannelState.cpp">
      <Filter>Source Files\Document Data Types</Filter>
    </ClCompile>
    <ClCompile Include="Source\InstHandlerDPCM.cpp">
      <Filter>Source Files\Sound Driver\Instruments</Filter>
    </ClCompile>
    <ClCompile Include="Source\ChannelFactory.cpp">
      <Filter>Source Files\Sound Driver\Channels</Filter>
    </ClCompile>
    <ClCompile Include="Source\InstrumentRecorder.cpp">
      <Filter>Source Files\Sound Driver</Filter>
    </ClCompile>
    <ClCompile Include="Source\DetuneTable.cpp">
      <Filter>Source Files\Document Data Types</Filter>
    </ClCompile>
    <ClCompile Include="Source\SimpleFile.cpp">
      <Filter>Source Files\Components</Filter>
    </ClCompile>
    <ClCompile Include="Source\DPI.cpp">
      <Filter>Source Files\Other</Filter>
    </ClCompile>
    <ClCompile Include="Source\APU\2A03.cpp">
      <Filter>Source Files\Sound Driver\Emulation\Sound Chips</Filter>
    </ClCompile>
    <ClCompile Include="Source\PatternNote.cpp">
      <Filter>Source Files\Document Data Types</Filter>
    </ClCompile>
    <ClCompile Include="Source\CompoundAction.cpp">
      <Filter>Source Files\Components</Filter>
    </ClCompile>
    <ClCompile Include="Source\RegisterState.cpp">
      <Filter>Source Files\Sound Driver\Emulation</Filter>
    </ClCompile>
    <ClCompile Include="Source\APU\SoundChip.cpp">
      <Filter>Source Files\Sound Driver\Emulation</Filter>
    </ClCompile>
    <ClCompile Include="Source\NoteQueue.cpp">
      <Filter>Source Files\Sound Driver</Filter>
    </ClCompile>
    <ClCompile Include="Source\SplitKeyboardDlg.cpp">
      <Filter>Source Files\Dialog Boxes</Filter>
    </ClCompile>
    <ClCompile Include="Source\SeqInstHandler2A03Pulse.cpp">
      <Filter>Source Files\Sound Driver\Instruments</Filter>
    </ClCompile>
    <ClCompile Include="Source\SeqInstHandlerSawtooth.cpp">
      <Filter>Source Files\Sound Driver\Instruments</Filter>
    </ClCompile>
    <ClCompile Include="Source\APU\S5B.cpp">
      <Filter>Source Files\Sound Driver\Emulation\Sound Chips</Filter>
    </ClCompile>
    <ClCompile Include="Source\FrameEditorTypes.cpp">
      <Filter>Source Files\Frame Editor</Filter>
    </ClCompile>
    <ClCompile Include="Source\PatternComponent.cpp">
      <Filter>Source Files\Pattern Editor</Filter>
    </ClCompile>
    <ClCompile Include="Source\SequenceParser.cpp">
      <Filter>Source Files\Dialog Boxes\Instrument\Related\Sequence editor</Filter>
    </ClCompile>
    <ClCompile Include="Source\FamiTrackerTypes.cpp">
      <Filter>Source Files</Filter>
    </ClCompile>
    <ClCompile Include="Source\SeqInstHandlerS5B.cpp">
      <Filter>Source Files\Sound Driver\Instruments</Filter>
    </ClCompile>
    <ClCompile Include="Source\VisualizerBase.cpp">
      <Filter>Source Files\Visualizer\Visualizers</Filter>
    </ClCompile>
    <ClCompile Include="Source\HistoryFileDlg.cpp">
      <Filter>Source Files\Dialog Boxes</Filter>
    </ClCompile>
    <ClCompile Include="Source\NoNotifyEdit.cpp">
      <Filter>Source Files\Custom Controls</Filter>
    </ClCompile>
    <ClCompile Include="Source\utils\ftmath.cpp">
      <Filter>Source Files</Filter>
    </ClCompile>
  </ItemGroup>
  <ItemGroup>
    <ClInclude Include="Source\Exception.h">
      <Filter>Header Files</Filter>
    </ClInclude>
    <ClInclude Include="Source\FamiTracker.h">
      <Filter>Header Files</Filter>
    </ClInclude>
    <ClInclude Include="Source\FamiTrackerTypes.h">
      <Filter>Header Files</Filter>
    </ClInclude>
    <ClInclude Include="Source\FamiTrackerView.h">
      <Filter>Header Files</Filter>
    </ClInclude>
    <ClInclude Include="Source\MainFrm.h">
      <Filter>Header Files</Filter>
    </ClInclude>
    <ClInclude Include="version.h">
      <Filter>Header Files</Filter>
    </ClInclude>
    <ClInclude Include="Source\ChannelMap.h">
      <Filter>Header Files\Sound Driver Headers</Filter>
    </ClInclude>
    <ClInclude Include="Source\Common.h">
      <Filter>Header Files\Sound Driver Headers</Filter>
    </ClInclude>
    <ClInclude Include="Source\SoundGen.h">
      <Filter>Header Files\Sound Driver Headers</Filter>
    </ClInclude>
    <ClInclude Include="Source\TrackerChannel.h">
      <Filter>Header Files\Sound Driver Headers</Filter>
    </ClInclude>
    <ClInclude Include="Source\Apu\APU.h">
      <Filter>Header Files\Sound Driver Headers\Emulation Headers</Filter>
    </ClInclude>
    <ClInclude Include="Source\Apu\Channel.h">
      <Filter>Header Files\Sound Driver Headers\Emulation Headers</Filter>
    </ClInclude>
    <ClInclude Include="Source\Apu\Mixer.h">
      <Filter>Header Files\Sound Driver Headers\Emulation Headers</Filter>
    </ClInclude>
    <ClInclude Include="Source\APU\Types.h">
      <Filter>Header Files\Sound Driver Headers\Emulation Headers</Filter>
    </ClInclude>
    <ClInclude Include="Source\Apu\DPCM.h">
      <Filter>Header Files\Sound Driver Headers\Emulation Headers\Internal Channels Headers</Filter>
    </ClInclude>
    <ClInclude Include="Source\Apu\Noise.h">
      <Filter>Header Files\Sound Driver Headers\Emulation Headers\Internal Channels Headers</Filter>
    </ClInclude>
    <ClInclude Include="Source\Apu\Square.h">
      <Filter>Header Files\Sound Driver Headers\Emulation Headers\Internal Channels Headers</Filter>
    </ClInclude>
    <ClInclude Include="Source\Apu\Triangle.h">
      <Filter>Header Files\Sound Driver Headers\Emulation Headers\Internal Channels Headers</Filter>
    </ClInclude>
    <ClInclude Include="Source\APU\FDS.h">
      <Filter>Header Files\Sound Driver Headers\Emulation Headers\Sound Chip Headers</Filter>
    </ClInclude>
    <ClInclude Include="Source\APU\MMC5.h">
      <Filter>Header Files\Sound Driver Headers\Emulation Headers\Sound Chip Headers</Filter>
    </ClInclude>
    <ClInclude Include="Source\APU\N163.h">
      <Filter>Header Files\Sound Driver Headers\Emulation Headers\Sound Chip Headers</Filter>
    </ClInclude>
    <ClInclude Include="Source\Apu\VRC6.h">
      <Filter>Header Files\Sound Driver Headers\Emulation Headers\Sound Chip Headers</Filter>
    </ClInclude>
    <ClInclude Include="Source\APU\VRC7.h">
      <Filter>Header Files\Sound Driver Headers\Emulation Headers\Sound Chip Headers</Filter>
    </ClInclude>
    <ClInclude Include="Source\APU\2413tone.h">
      <Filter>Header Files\Sound Driver Headers\Emulation Headers\Sound Chip Headers\External</Filter>
    </ClInclude>
    <ClInclude Include="Source\APU\emu2413.h">
      <Filter>Header Files\Sound Driver Headers\Emulation Headers\Sound Chip Headers\External</Filter>
    </ClInclude>
    <ClInclude Include="Source\APU\FDSSound.h">
      <Filter>Header Files\Sound Driver Headers\Emulation Headers\Sound Chip Headers\External</Filter>
    </ClInclude>
    <ClInclude Include="Source\APU\vrc7tone.h">
      <Filter>Header Files\Sound Driver Headers\Emulation Headers\Sound Chip Headers\External</Filter>
    </ClInclude>
    <ClInclude Include="Source\Blip_Buffer\Blip_Buffer.h">
      <Filter>Header Files\Sound Driver Headers\Blip_Buffer Headers</Filter>
    </ClInclude>
    <ClInclude Include="Source\ChannelHandler.h">
      <Filter>Header Files\Sound Driver Headers\Channels Headers</Filter>
    </ClInclude>
    <ClInclude Include="Source\Channels2A03.h">
      <Filter>Header Files\Sound Driver Headers\Channels Headers</Filter>
    </ClInclude>
    <ClInclude Include="Source\ChannelsFDS.h">
      <Filter>Header Files\Sound Driver Headers\Channels Headers</Filter>
    </ClInclude>
    <ClInclude Include="Source\ChannelsMMC5.h">
      <Filter>Header Files\Sound Driver Headers\Channels Headers</Filter>
    </ClInclude>
    <ClInclude Include="Source\ChannelsN163.h">
      <Filter>Header Files\Sound Driver Headers\Channels Headers</Filter>
    </ClInclude>
    <ClInclude Include="Source\ChannelsS5B.h">
      <Filter>Header Files\Sound Driver Headers\Channels Headers</Filter>
    </ClInclude>
    <ClInclude Include="Source\ChannelsVRC6.h">
      <Filter>Header Files\Sound Driver Headers\Channels Headers</Filter>
    </ClInclude>
    <ClInclude Include="Source\ChannelsVRC7.h">
      <Filter>Header Files\Sound Driver Headers\Channels Headers</Filter>
    </ClInclude>
    <ClInclude Include="Source\DirectSound.h">
      <Filter>Header Files\Sound Driver Headers\Audio Headers</Filter>
    </ClInclude>
    <ClInclude Include="Source\AboutDlg.h">
      <Filter>Header Files\Dialog Boxes Headers</Filter>
    </ClInclude>
    <ClInclude Include="Source\ChannelsDlg.h">
      <Filter>Header Files\Dialog Boxes Headers</Filter>
    </ClInclude>
    <ClInclude Include="Source\CommentsDlg.h">
      <Filter>Header Files\Dialog Boxes Headers</Filter>
    </ClInclude>
    <ClInclude Include="Source\DialogReBar.h">
      <Filter>Header Files\Dialog Boxes Headers</Filter>
    </ClInclude>
    <ClInclude Include="Source\ExportDialog.h">
      <Filter>Header Files\Dialog Boxes Headers</Filter>
    </ClInclude>
    <ClInclude Include="Source\ModuleImportDlg.h">
      <Filter>Header Files\Dialog Boxes Headers</Filter>
    </ClInclude>
    <ClInclude Include="Source\ModulePropertiesDlg.h">
      <Filter>Header Files\Dialog Boxes Headers</Filter>
    </ClInclude>
    <ClInclude Include="Source\PerformanceDlg.h">
      <Filter>Header Files\Dialog Boxes Headers</Filter>
    </ClInclude>
    <ClInclude Include="Source\SpeedDlg.h">
      <Filter>Header Files\Dialog Boxes Headers</Filter>
    </ClInclude>
    <ClInclude Include="Source\ConfigAppearance.h">
      <Filter>Header Files\Dialog Boxes Headers\Config Headers</Filter>
    </ClInclude>
    <ClInclude Include="Source\ConfigGeneral.h">
      <Filter>Header Files\Dialog Boxes Headers\Config Headers</Filter>
    </ClInclude>
    <ClInclude Include="Source\ConfigMIDI.h">
      <Filter>Header Files\Dialog Boxes Headers\Config Headers</Filter>
    </ClInclude>
    <ClInclude Include="Source\ConfigMixer.h">
      <Filter>Header Files\Dialog Boxes Headers\Config Headers</Filter>
    </ClInclude>
    <ClInclude Include="Source\ConfigShortcuts.h">
      <Filter>Header Files\Dialog Boxes Headers\Config Headers</Filter>
    </ClInclude>
    <ClInclude Include="Source\ConfigSound.h">
      <Filter>Header Files\Dialog Boxes Headers\Config Headers</Filter>
    </ClInclude>
    <ClInclude Include="Source\InstrumentEditDlg.h">
      <Filter>Header Files\Dialog Boxes Headers\Instrument Headers</Filter>
    </ClInclude>
    <ClInclude Include="Source\ModSequenceEditor.h">
      <Filter>Header Files\Dialog Boxes Headers\Instrument Headers\Related Headers</Filter>
    </ClInclude>
    <ClInclude Include="Source\PCMImport.h">
      <Filter>Header Files\Dialog Boxes Headers\Instrument Headers\Related Headers</Filter>
    </ClInclude>
    <ClInclude Include="Source\WaveEditor.h">
      <Filter>Header Files\Dialog Boxes Headers\Instrument Headers\Related Headers</Filter>
    </ClInclude>
    <ClInclude Include="Source\GraphEditor.h">
      <Filter>Header Files\Dialog Boxes Headers\Instrument Headers\Related Headers\Sequence editor Headers</Filter>
    </ClInclude>
    <ClInclude Include="Source\SequenceEditor.h">
      <Filter>Header Files\Dialog Boxes Headers\Instrument Headers\Related Headers\Sequence editor Headers</Filter>
    </ClInclude>
    <ClInclude Include="Source\SequenceSetting.h">
      <Filter>Header Files\Dialog Boxes Headers\Instrument Headers\Related Headers\Sequence editor Headers</Filter>
    </ClInclude>
    <ClInclude Include="Source\SizeEditor.h">
      <Filter>Header Files\Dialog Boxes Headers\Instrument Headers\Related Headers\Sequence editor Headers</Filter>
    </ClInclude>
    <ClInclude Include="Source\resampler\resample.hpp">
      <Filter>Header Files\Dialog Boxes Headers\Instrument Headers\Related Headers\Resampler Headers</Filter>
    </ClInclude>
    <ClInclude Include="Source\resampler\sinc.hpp">
      <Filter>Header Files\Dialog Boxes Headers\Instrument Headers\Related Headers\Resampler Headers</Filter>
    </ClInclude>
    <ClInclude Include="Source\SampleEditorDlg.h">
      <Filter>Header Files\Dialog Boxes Headers\Instrument Headers\Related Headers\DPCM Editor Headers</Filter>
    </ClInclude>
    <ClInclude Include="Source\SampleEditorView.h">
      <Filter>Header Files\Dialog Boxes Headers\Instrument Headers\Related Headers\DPCM Editor Headers</Filter>
    </ClInclude>
    <ClInclude Include="Source\InstrumentEditorDPCM.h">
      <Filter>Header Files\Dialog Boxes Headers\Instrument Headers\Instrument dialog</Filter>
    </ClInclude>
    <ClInclude Include="Source\InstrumentEditorFDS.h">
      <Filter>Header Files\Dialog Boxes Headers\Instrument Headers\Instrument dialog</Filter>
    </ClInclude>
    <ClInclude Include="Source\InstrumentEditorFDSEnvelope.h">
      <Filter>Header Files\Dialog Boxes Headers\Instrument Headers\Instrument dialog</Filter>
    </ClInclude>
    <ClInclude Include="Source\InstrumentEditorN163Wave.h">
      <Filter>Header Files\Dialog Boxes Headers\Instrument Headers\Instrument dialog</Filter>
    </ClInclude>
    <ClInclude Include="Source\InstrumentEditorVRC7.h">
      <Filter>Header Files\Dialog Boxes Headers\Instrument Headers\Instrument dialog</Filter>
    </ClInclude>
    <ClInclude Include="Source\InstrumentEditPanel.h">
      <Filter>Header Files\Dialog Boxes Headers\Instrument Headers\Instrument dialog</Filter>
    </ClInclude>
    <ClInclude Include="Source\VisualizerWnd.h">
      <Filter>Header Files\Visualizer Headers</Filter>
    </ClInclude>
    <ClInclude Include="Source\VisualizerScope.h">
      <Filter>Header Files\Visualizer Headers\Visualizers Headers</Filter>
    </ClInclude>
    <ClInclude Include="Source\VisualizerSpectrum.h">
      <Filter>Header Files\Visualizer Headers\Visualizers Headers</Filter>
    </ClInclude>
    <ClInclude Include="Source\VisualizerStatic.h">
      <Filter>Header Files\Visualizer Headers\Visualizers Headers</Filter>
    </ClInclude>
    <ClInclude Include="Source\CommandLineExport.h">
      <Filter>Header Files\Export Headers</Filter>
    </ClInclude>
    <ClInclude Include="Source\Compiler.h">
      <Filter>Header Files\Export Headers</Filter>
    </ClInclude>
    <ClInclude Include="Source\Driver.h">
      <Filter>Header Files\Export Headers</Filter>
    </ClInclude>
    <ClInclude Include="Source\PatternCompiler.h">
      <Filter>Header Files\Export Headers</Filter>
    </ClInclude>
    <ClInclude Include="Source\CustomExporter.h">
      <Filter>Header Files\Export Headers\Custom Exporter Headers</Filter>
    </ClInclude>
    <ClInclude Include="Source\CustomExporter_C_Interface.h">
      <Filter>Header Files\Export Headers\Custom Exporter Headers</Filter>
    </ClInclude>
    <ClInclude Include="Source\CustomExporterInterfaces.h">
      <Filter>Header Files\Export Headers\Custom Exporter Headers</Filter>
    </ClInclude>
    <ClInclude Include="Source\CustomExporters.h">
      <Filter>Header Files\Export Headers\Custom Exporter Headers</Filter>
    </ClInclude>
    <ClInclude Include="Source\DocumentWrapper.h">
      <Filter>Header Files\Export Headers\Custom Exporter Headers</Filter>
    </ClInclude>
    <ClInclude Include="Source\Chunk.h">
      <Filter>Header Files\Export Headers\Chunk Headers</Filter>
    </ClInclude>
    <ClInclude Include="Source\ChunkRenderBinary.h">
      <Filter>Header Files\Export Headers\Chunk Headers</Filter>
    </ClInclude>
    <ClInclude Include="Source\ChunkRenderText.h">
      <Filter>Header Files\Export Headers\Chunk Headers</Filter>
    </ClInclude>
    <ClInclude Include="Source\TextExporter.h">
      <Filter>Header Files\Export Headers\Text Headers</Filter>
    </ClInclude>
    <ClInclude Include="Source\MIDI.h">
      <Filter>Header Files\MIDI Headers</Filter>
    </ClInclude>
    <ClInclude Include="Source\DSample.h">
      <Filter>Header Files\Document Data Type Headers</Filter>
    </ClInclude>
    <ClInclude Include="Source\PatternData.h">
      <Filter>Header Files\Document Data Type Headers</Filter>
    </ClInclude>
    <ClInclude Include="Source\Sequence.h">
      <Filter>Header Files\Document Data Type Headers</Filter>
    </ClInclude>
    <ClInclude Include="Source\Instrument.h">
      <Filter>Header Files\Document Data Type Headers\Instrument Headers</Filter>
    </ClInclude>
    <ClInclude Include="Source\Clipboard.h">
      <Filter>Header Files\Pattern Editor Headers</Filter>
    </ClInclude>
    <ClInclude Include="Source\ColorScheme.h">
      <Filter>Header Files\Pattern Editor Headers</Filter>
    </ClInclude>
    <ClInclude Include="Source\PatternAction.h">
      <Filter>Header Files\Pattern Editor Headers</Filter>
    </ClInclude>
    <ClInclude Include="Source\PatternEditor.h">
      <Filter>Header Files\Pattern Editor Headers</Filter>
    </ClInclude>
    <ClInclude Include="Source\PatternEditorTypes.h">
      <Filter>Header Files\Pattern Editor Headers</Filter>
    </ClInclude>
    <ClInclude Include="Source\FrameAction.h">
      <Filter>Header Files\Frame Editor Headers</Filter>
    </ClInclude>
    <ClInclude Include="Source\FrameEditor.h">
      <Filter>Header Files\Frame Editor Headers</Filter>
    </ClInclude>
    <ClInclude Include="Source\ControlPanelDlg.h">
      <Filter>Header Files\Custom Control Headers</Filter>
    </ClInclude>
    <ClInclude Include="Source\CustomControls.h">
      <Filter>Header Files\Custom Control Headers</Filter>
    </ClInclude>
    <ClInclude Include="Source\Accelerator.h">
      <Filter>Header Files\Components Headers</Filter>
    </ClInclude>
    <ClInclude Include="Source\Action.h">
      <Filter>Header Files\Components Headers</Filter>
    </ClInclude>
    <ClInclude Include="Source\DocumentFile.h">
      <Filter>Header Files\Components Headers</Filter>
    </ClInclude>
    <ClInclude Include="Source\Graphics.h">
      <Filter>Header Files\Components Headers</Filter>
    </ClInclude>
    <ClInclude Include="Source\InstrumentFileTree.h">
      <Filter>Header Files\Components Headers</Filter>
    </ClInclude>
    <ClInclude Include="Source\Settings.h">
      <Filter>Header Files\Components Headers</Filter>
    </ClInclude>
    <ClInclude Include="Source\WaveFile.h">
      <Filter>Header Files\Components Headers</Filter>
    </ClInclude>
    <ClInclude Include="Source\Groove.h">
      <Filter>Header Files\Document Data Type Headers</Filter>
    </ClInclude>
    <ClInclude Include="Source\FindDlg.h">
      <Filter>Header Files\Dialog Boxes Headers</Filter>
    </ClInclude>
    <ClInclude Include="Source\GrooveDlg.h">
      <Filter>Header Files\Dialog Boxes Headers</Filter>
    </ClInclude>
    <ClInclude Include="Source\DetuneDlg.h">
      <Filter>Header Files\Dialog Boxes Headers</Filter>
    </ClInclude>
    <ClInclude Include="Source\StretchDlg.h">
      <Filter>Header Files\Dialog Boxes Headers</Filter>
    </ClInclude>
    <ClInclude Include="Source\GotoDlg.h">
      <Filter>Header Files\Dialog Boxes Headers</Filter>
    </ClInclude>
    <ClInclude Include="Source\BookmarkDlg.h">
      <Filter>Header Files\Dialog Boxes Headers</Filter>
    </ClInclude>
    <ClInclude Include="Source\SwapDlg.h">
      <Filter>Header Files\Dialog Boxes Headers</Filter>
    </ClInclude>
    <ClInclude Include="Source\RecordSettingsDlg.h">
      <Filter>Header Files\Dialog Boxes Headers</Filter>
    </ClInclude>
    <ClInclude Include="Source\ConfigVersion.h">
      <Filter>Header Files\Dialog Boxes Headers\Config Headers</Filter>
    </ClInclude>
    <ClInclude Include="Source\SeqInstHandler.h">
      <Filter>Header Files\Sound Driver Headers\Instruments Headers</Filter>
    </ClInclude>
    <ClInclude Include="Source\InstHandler.h">
      <Filter>Header Files\Sound Driver Headers\Instruments Headers</Filter>
    </ClInclude>
    <ClInclude Include="Source\SeqInstHandlerFDS.h">
      <Filter>Header Files\Sound Driver Headers\Instruments Headers</Filter>
    </ClInclude>
    <ClInclude Include="Source\SeqInstHandlerN163.h">
      <Filter>Header Files\Sound Driver Headers\Instruments Headers</Filter>
    </ClInclude>
    <ClInclude Include="Source\InstHandlerVRC7.h">
      <Filter>Header Files\Sound Driver Headers\Instruments Headers</Filter>
    </ClInclude>
    <ClInclude Include="Source\ChannelHandlerInterface.h">
      <Filter>Header Files\Sound Driver Headers\Channels Headers</Filter>
    </ClInclude>
    <ClInclude Include="Source\SequenceCollection.h">
      <Filter>Header Files\Document Data Type Headers</Filter>
    </ClInclude>
    <ClInclude Include="Source\FamiTrackerDoc.h">
      <Filter>Header Files\Document Component Headers</Filter>
    </ClInclude>
    <ClInclude Include="Source\SequenceManager.h">
      <Filter>Header Files\Document Component Headers</Filter>
    </ClInclude>
    <ClInclude Include="Source\FTMComponentInterface.h">
      <Filter>Header Files\Document Component Headers</Filter>
    </ClInclude>
    <ClInclude Include="Source\SequenceEditorMessage.h">
      <Filter>Header Files\Dialog Boxes Headers\Instrument Headers\Related Headers\Sequence editor Headers</Filter>
    </ClInclude>
    <ClInclude Include="Source\InstrumentEditorSeq.h">
      <Filter>Header Files\Dialog Boxes Headers\Instrument Headers\Instrument dialog</Filter>
    </ClInclude>
    <ClInclude Include="Source\InstrumentManager.h">
      <Filter>Header Files\Document Component Headers</Filter>
    </ClInclude>
    <ClInclude Include="Source\WaveformGenerator.h">
      <Filter>Header Files\Dialog Boxes Headers\Instrument Headers\Related Headers</Filter>
    </ClInclude>
    <ClInclude Include="Source\WavegenBuiltin.h">
      <Filter>Header Files\Dialog Boxes Headers\Instrument Headers\Related Headers</Filter>
    </ClInclude>
    <ClInclude Include="Source\TransposeDlg.h">
      <Filter>Header Files\Dialog Boxes Headers</Filter>
    </ClInclude>
    <ClInclude Include="Source\CreateWaveDlg.h">
      <Filter>Header Files\Dialog Boxes Headers\Wave Export Headers</Filter>
    </ClInclude>
    <ClInclude Include="Source\WavProgressDlg.h">
      <Filter>Header Files\Dialog Boxes Headers\Wave Export Headers</Filter>
    </ClInclude>
    <ClInclude Include="Source\ModuleException.h">
      <Filter>Header Files\Document Component Headers</Filter>
    </ClInclude>
    <ClInclude Include="Source\InstrumentManagerInterface.h">
      <Filter>Header Files\Document Component Headers</Filter>
    </ClInclude>
    <ClInclude Include="Source\DSampleManager.h">
      <Filter>Header Files\Document Component Headers</Filter>
    </ClInclude>
    <ClInclude Include="Source\Instrument2A03.h">
      <Filter>Header Files\Document Data Type Headers\Instrument Headers</Filter>
    </ClInclude>
    <ClInclude Include="Source\InstrumentFDS.h">
      <Filter>Header Files\Document Data Type Headers\Instrument Headers</Filter>
    </ClInclude>
    <ClInclude Include="Source\InstrumentN163.h">
      <Filter>Header Files\Document Data Type Headers\Instrument Headers</Filter>
    </ClInclude>
    <ClInclude Include="Source\InstrumentS5B.h">
      <Filter>Header Files\Document Data Type Headers\Instrument Headers</Filter>
    </ClInclude>
    <ClInclude Include="Source\InstrumentVRC6.h">
      <Filter>Header Files\Document Data Type Headers\Instrument Headers</Filter>
    </ClInclude>
    <ClInclude Include="Source\InstrumentVRC7.h">
      <Filter>Header Files\Document Data Type Headers\Instrument Headers</Filter>
    </ClInclude>
    <ClInclude Include="Source\SeqInstrument.h">
      <Filter>Header Files\Document Data Type Headers\Instrument Headers</Filter>
    </ClInclude>
    <ClInclude Include="Source\InstrumentFactory.h">
      <Filter>Header Files\Document Data Type Headers\Instrument Headers</Filter>
    </ClInclude>
    <ClInclude Include="Source\OldSequence.h">
      <Filter>Header Files\Document Data Type Headers</Filter>
    </ClInclude>
    <ClInclude Include="Source\BookmarkManager.h">
      <Filter>Header Files\Document Component Headers</Filter>
    </ClInclude>
    <ClInclude Include="Source\BookmarkCollection.h">
      <Filter>Header Files\Document Data Type Headers</Filter>
    </ClInclude>
    <ClInclude Include="Source\Bookmark.h">
      <Filter>Header Files\Document Data Type Headers</Filter>
    </ClInclude>
    <ClInclude Include="Source\drivers\drv_2a03.h">
      <Filter>Header Files\Export Headers\NSF Driver Headers</Filter>
    </ClInclude>
    <ClInclude Include="Source\drivers\drv_all.h">
      <Filter>Header Files\Export Headers\NSF Driver Headers</Filter>
    </ClInclude>
    <ClInclude Include="Source\drivers\drv_fds.h">
      <Filter>Header Files\Export Headers\NSF Driver Headers</Filter>
    </ClInclude>
    <ClInclude Include="Source\drivers\drv_mmc5.h">
      <Filter>Header Files\Export Headers\NSF Driver Headers</Filter>
    </ClInclude>
    <ClInclude Include="Source\drivers\drv_n163.h">
      <Filter>Header Files\Export Headers\NSF Driver Headers</Filter>
    </ClInclude>
    <ClInclude Include="Source\drivers\drv_s5b.h">
      <Filter>Header Files\Export Headers\NSF Driver Headers</Filter>
    </ClInclude>
    <ClInclude Include="Source\drivers\drv_vrc6.h">
      <Filter>Header Files\Export Headers\NSF Driver Headers</Filter>
    </ClInclude>
    <ClInclude Include="Source\drivers\drv_vrc7.h">
      <Filter>Header Files\Export Headers\NSF Driver Headers</Filter>
    </ClInclude>
    <ClInclude Include="Source\ChannelState.h">
      <Filter>Header Files\Document Data Type Headers</Filter>
    </ClInclude>
    <ClInclude Include="Source\InstHandlerDPCM.h">
      <Filter>Header Files\Sound Driver Headers\Instruments Headers</Filter>
    </ClInclude>
    <ClInclude Include="Source\Factory.h">
      <Filter>Header Files\Components Headers</Filter>
    </ClInclude>
    <ClInclude Include="Source\ChannelFactory.h">
      <Filter>Header Files\Sound Driver Headers\Channels Headers</Filter>
    </ClInclude>
    <ClInclude Include="Source\InstrumentRecorder.h">
      <Filter>Header Files\Sound Driver Headers</Filter>
    </ClInclude>
    <ClInclude Include="Source\DetuneTable.h">
      <Filter>Header Files\Document Data Type Headers</Filter>
    </ClInclude>
    <ClInclude Include="Source\SimpleFile.h">
      <Filter>Header Files\Components Headers</Filter>
    </ClInclude>
    <ClInclude Include="Source\DPI.h">
      <Filter>Header Files\Other Headers</Filter>
    </ClInclude>
    <ClInclude Include="Source\APU\2A03.h">
      <Filter>Header Files\Sound Driver Headers\Emulation Headers\Sound Chip Headers</Filter>
    </ClInclude>
    <ClInclude Include="Source\APU\2A03Chan.h">
      <Filter>Header Files\Sound Driver Headers\Emulation Headers\Internal Channels Headers</Filter>
    </ClInclude>
    <ClInclude Include="Source\PatternNote.h">
      <Filter>Header Files\Document Data Type Headers</Filter>
    </ClInclude>
    <ClInclude Include="Source\FamiTrackerViewMessage.h">
      <Filter>Header Files</Filter>
    </ClInclude>
    <ClInclude Include="Source\CompoundAction.h">
      <Filter>Header Files\Components Headers</Filter>
    </ClInclude>
    <ClInclude Include="Source\Apu\SoundChip.h">
      <Filter>Header Files\Sound Driver Headers\Emulation Headers</Filter>
    </ClInclude>
    <ClInclude Include="Source\RegisterState.h">
      <Filter>Header Files\Sound Driver Headers\Emulation Headers</Filter>
    </ClInclude>
    <ClInclude Include="Source\NoteQueue.h">
      <Filter>Header Files\Sound Driver Headers</Filter>
    </ClInclude>
    <ClInclude Include="Source\SplitKeyboardDlg.h">
      <Filter>Header Files\Dialog Boxes Headers</Filter>
    </ClInclude>
    <ClInclude Include="Source\SeqInstHandler2A03Pulse.h">
      <Filter>Header Files\Sound Driver Headers\Instruments Headers</Filter>
    </ClInclude>
    <ClInclude Include="Source\SeqInstHandlerSawtooth.h">
      <Filter>Header Files\Sound Driver Headers\Instruments Headers</Filter>
    </ClInclude>
    <ClInclude Include="Source\APU\S5B.h">
      <Filter>Header Files\Sound Driver Headers\Emulation Headers\Sound Chip Headers</Filter>
    </ClInclude>
    <ClInclude Include="Source\FrameEditorTypes.h">
      <Filter>Header Files\Frame Editor Headers</Filter>
    </ClInclude>
    <ClInclude Include="Source\PatternComponent.h">
      <Filter>Header Files\Pattern Editor Headers</Filter>
    </ClInclude>
    <ClInclude Include="Source\SequenceParser.h">
      <Filter>Header Files\Dialog Boxes Headers\Instrument Headers\Related Headers\Sequence editor Headers</Filter>
    </ClInclude>
    <ClInclude Include="Source\SeqInstHandlerS5B.h">
      <Filter>Header Files\Sound Driver Headers\Instruments Headers</Filter>
    </ClInclude>
    <ClInclude Include="Source\IntRange.h">
      <Filter>Header Files\Other Headers</Filter>
    </ClInclude>
    <ClInclude Include="Source\stdafx.h">
      <Filter>Header Files\Windows Headers</Filter>
    </ClInclude>
    <ClInclude Include="Source\WinSDK\VersionHelpers.h">
      <Filter>Header Files\Windows Headers</Filter>
    </ClInclude>
    <ClInclude Include="Source\WinSDK\winapifamily.h">
      <Filter>Header Files\Windows Headers</Filter>
    </ClInclude>
    <ClInclude Include="Source\PatternData.h">
      <Filter>Header Files\Document Data Type Headers</Filter>
    </ClInclude>
    <ClInclude Include="Source\FrameClipData.h">
      <Filter>Header Files\Frame Editor Headers</Filter>
    </ClInclude>
    <ClInclude Include="Source\Clipboard.h">
      <Filter>Header Files\Components Headers</Filter>
    </ClInclude>
    <ClInclude Include="Source\ClipboardResource.h">
      <Filter>Header Files\Components Headers</Filter>
    </ClInclude>
    <ClInclude Include="Source\FFT\FftComplex.hpp">
      <Filter>Header Files\Other Headers</Filter>
    </ClInclude>
    <ClInclude Include="Source\FFT\FftBuffer.h">
      <Filter>Header Files\Other Headers</Filter>
    </ClInclude>
    <ClInclude Include="Source\VisualizerBase.h">
      <Filter>Header Files\Visualizer Headers\Visualizers Headers</Filter>
    </ClInclude>
    <ClInclude Include="Source\HistoryFileDlg.h">
      <Filter>Header Files\Dialog Boxes Headers</Filter>
    </ClInclude>
    <ClInclude Include="Source\NoNotifyEdit.h">
      <Filter>Header Files\Custom Control Headers</Filter>
    </ClInclude>
    <ClInclude Include="Source\str_conv\str_conv.hpp">
      <Filter>Header Files</Filter>
    </ClInclude>
    <ClInclude Include="Source\str_conv\utf8_conv.hpp">
      <Filter>Header Files</Filter>
    </ClInclude>
    <ClInclude Include="Source\to_sv.h">
      <Filter>Header Files</Filter>
    </ClInclude>
    <ClInclude Include="Source\array_view.h">
      <Filter>Header Files</Filter>
    </ClInclude>
    <ClInclude Include="Source\utils\input.h">
      <Filter>Header Files\utils</Filter>
    </ClInclude>
    <ClInclude Include="Source\type_safe\detail\aligned_union.hpp">
      <Filter>Header Files</Filter>
    </ClInclude>
    <ClInclude Include="Source\type_safe\detail\all_of.hpp">
      <Filter>Header Files</Filter>
    </ClInclude>
    <ClInclude Include="Source\type_safe\detail\assert.hpp">
      <Filter>Header Files</Filter>
    </ClInclude>
    <ClInclude Include="Source\type_safe\detail\assign_or_construct.hpp">
      <Filter>Header Files</Filter>
    </ClInclude>
    <ClInclude Include="Source\type_safe\detail\constant_parser.hpp">
      <Filter>Header Files</Filter>
    </ClInclude>
    <ClInclude Include="Source\type_safe\detail\copy_move_control.hpp">
      <Filter>Header Files</Filter>
    </ClInclude>
    <ClInclude Include="Source\type_safe\detail\force_inline.hpp">
      <Filter>Header Files</Filter>
    </ClInclude>
    <ClInclude Include="Source\type_safe\detail\is_nothrow_swappable.hpp">
      <Filter>Header Files</Filter>
    </ClInclude>
    <ClInclude Include="Source\type_safe\detail\map_invoke.hpp">
      <Filter>Header Files</Filter>
    </ClInclude>
    <ClInclude Include="Source\type_safe\detail\variant_impl.hpp">
      <Filter>Header Files</Filter>
    </ClInclude>
    <ClInclude Include="Source\type_safe\arithmetic_policy.hpp">
      <Filter>Header Files</Filter>
    </ClInclude>
    <ClInclude Include="Source\type_safe\boolean.hpp">
      <Filter>Header Files</Filter>
    </ClInclude>
    <ClInclude Include="Source\type_safe\bounded_type.hpp">
      <Filter>Header Files</Filter>
    </ClInclude>
    <ClInclude Include="Source\type_safe\compact_optional.hpp">
      <Filter>Header Files</Filter>
    </ClInclude>
    <ClInclude Include="Source\type_safe\config.hpp">
      <Filter>Header Files</Filter>
    </ClInclude>
    <ClInclude Include="Source\type_safe\constrained_type.hpp">
      <Filter>Header Files</Filter>
    </ClInclude>
    <ClInclude Include="Source\type_safe\deferred_construction.hpp">
      <Filter>Header Files</Filter>
    </ClInclude>
    <ClInclude Include="Source\type_safe\downcast.hpp">
      <Filter>Header Files</Filter>
    </ClInclude>
    <ClInclude Include="Source\type_safe\flag.hpp">
      <Filter>Header Files</Filter>
    </ClInclude>
    <ClInclude Include="Source\type_safe\flag_set.hpp">
      <Filter>Header Files</Filter>
    </ClInclude>
    <ClInclude Include="Source\type_safe\floating_point.hpp">
      <Filter>Header Files</Filter>
    </ClInclude>
    <ClInclude Include="Source\type_safe\index.hpp">
      <Filter>Header Files</Filter>
    </ClInclude>
    <ClInclude Include="Source\type_safe\integer.hpp">
      <Filter>Header Files</Filter>
    </ClInclude>
    <ClInclude Include="Source\type_safe\narrow_cast.hpp">
      <Filter>Header Files</Filter>
    </ClInclude>
    <ClInclude Include="Source\type_safe\optional.hpp">
      <Filter>Header Files</Filter>
    </ClInclude>
    <ClInclude Include="Source\type_safe\optional_ref.hpp">
      <Filter>Header Files</Filter>
    </ClInclude>
    <ClInclude Include="Source\type_safe\output_parameter.hpp">
      <Filter>Header Files</Filter>
    </ClInclude>
    <ClInclude Include="Source\type_safe\reference.hpp">
      <Filter>Header Files</Filter>
    </ClInclude>
    <ClInclude Include="Source\type_safe\strong_typedef.hpp">
      <Filter>Header Files</Filter>
    </ClInclude>
    <ClInclude Include="Source\type_safe\tagged_union.hpp">
      <Filter>Header Files</Filter>
    </ClInclude>
    <ClInclude Include="Source\type_safe\types.hpp">
      <Filter>Header Files</Filter>
    </ClInclude>
    <ClInclude Include="Source\type_safe\variant.hpp">
      <Filter>Header Files</Filter>
    </ClInclude>
    <ClInclude Include="Source\type_safe\visitor.hpp">
      <Filter>Header Files</Filter>
    </ClInclude>
    <ClInclude Include="res\resource.h">
      <Filter>Header Files</Filter>
    </ClInclude>
    <ClInclude Include="Source\utils\ftmath.h">
      <Filter>Header Files</Filter>
    </ClInclude>
  </ItemGroup>
  <ItemGroup>
    <ResourceCompile Include="res\0CC-FamiTracker.rc">
      <Filter>Resource Files</Filter>
    </ResourceCompile>
  </ItemGroup>
  <ItemGroup>
    <None Include="res\Application.ico">
      <Filter>Resource Files\Icons</Filter>
    </None>
    <None Include="res\Document.ico">
      <Filter>Resource Files\Icons</Filter>
    </None>
    <None Include="res\Inst_2A03.ico">
      <Filter>Resource Files\Icons</Filter>
    </None>
    <None Include="res\Inst_2A07.ico">
      <Filter>Resource Files\Icons</Filter>
    </None>
    <None Include="res\Inst_FDS.ico">
      <Filter>Resource Files\Icons</Filter>
    </None>
    <None Include="res\Inst_N163.ico">
      <Filter>Resource Files\Icons</Filter>
    </None>
    <None Include="res\Inst_S5B.ico">
      <Filter>Resource Files\Icons</Filter>
    </None>
    <None Include="res\Inst_VRC6.ico">
      <Filter>Resource Files\Icons</Filter>
    </None>
    <None Include="res\Inst_VRC7.ico">
      <Filter>Resource Files\Icons</Filter>
    </None>
    <None Include="res\LeftArrow.ico">
      <Filter>Resource Files\Icons</Filter>
    </None>
    <None Include="res\RightArrow.ico">
      <Filter>Resource Files\Icons</Filter>
    </None>
    <None Include="res\About.bmp">
      <Filter>Resource Files\Bitmaps</Filter>
    </None>
    <None Include="res\InstrumentToolbar-16.bmp">
      <Filter>Resource Files\Bitmaps</Filter>
    </None>
    <None Include="res\InstrumentToolbar-256.bmp">
      <Filter>Resource Files\Bitmaps</Filter>
    </None>
    <None Include="res\key_black_pressed.bmp">
      <Filter>Resource Files\Bitmaps</Filter>
    </None>
    <None Include="res\key_black_unpressed.bmp">
      <Filter>Resource Files\Bitmaps</Filter>
    </None>
    <None Include="res\key_white_pressed.bmp">
      <Filter>Resource Files\Bitmaps</Filter>
    </None>
    <None Include="res\key_white_unpressed.bmp">
      <Filter>Resource Files\Bitmaps</Filter>
    </None>
    <None Include="res\MainToolbar-16.bmp">
      <Filter>Resource Files\Bitmaps</Filter>
    </None>
    <None Include="res\MainToolbar-256.bmp">
      <Filter>Resource Files\Bitmaps</Filter>
    </None>
    <None Include="..\nsf driver\apu.s">
      <Filter>NSF driver</Filter>
    </None>
    <None Include="..\nsf driver\driver.s">
      <Filter>NSF driver</Filter>
    </None>
    <None Include="..\nsf driver\effects.s">
      <Filter>NSF driver</Filter>
    </None>
    <None Include="..\nsf driver\fds.s">
      <Filter>NSF driver</Filter>
    </None>
    <None Include="..\nsf driver\init.s">
      <Filter>NSF driver</Filter>
    </None>
    <None Include="..\nsf driver\instrument.s">
      <Filter>NSF driver</Filter>
    </None>
    <None Include="..\nsf driver\mmc5.s">
      <Filter>NSF driver</Filter>
    </None>
    <None Include="..\nsf driver\player.s">
      <Filter>NSF driver</Filter>
    </None>
    <None Include="..\nsf driver\vrc6.s">
      <Filter>NSF driver</Filter>
    </None>
    <None Include="..\nsf driver\vrc7.s">
      <Filter>NSF driver</Filter>
    </None>
    <None Include="changelog.txt" />
    <None Include="gpl.txt" />
    <None Include="specs.txt" />
    <None Include="0CC-readme.txt" />
    <None Include="..\nsf driver\n163.s">
      <Filter>NSF driver</Filter>
    </None>
    <None Include="..\nsf driver\nsf_wrap.s">
      <Filter>NSF driver</Filter>
    </None>
    <None Include="..\nsf driver\periods.s">
      <Filter>NSF driver</Filter>
    </None>
    <None Include="..\nsf driver\s5b.s">
      <Filter>NSF driver</Filter>
    </None>
    <None Include="Source\resampler\resample.inl">
      <Filter>Header Files\Dialog Boxes Headers\Instrument Headers\Related Headers\Resampler Headers</Filter>
    </None>
    <None Include="Dn-FamiTracker.reg" />
  </ItemGroup>
  <ItemGroup>
    <Manifest Include="res\0CC-FamiTracker.manifest">
      <Filter>Source Files</Filter>
    </Manifest>
  </ItemGroup>
</Project>