<?xml version="1.0" encoding="utf-8"?>
<Project ToolsVersion="4.0" xmlns="http://schemas.microsoft.com/developer/msbuild/2003">
  <ItemGroup>
    <Filter Include="Source Files">
      <UniqueIdentifier>{4FC737F1-C7A5-4376-A066-2A32D752A2FF}</UniqueIdentifier>
      <Extensions>cpp;c;cc;cxx;def;odl;idl;hpj;bat;asm;asmx</Extensions>
    </Filter>
    <Filter Include="Header Files">
      <UniqueIdentifier>{93995380-89BD-4b04-88EB-625FBE52EBFB}</UniqueIdentifier>
      <Extensions>h;hh;hpp;hxx;hm;inl;inc;xsd</Extensions>
    </Filter>
    <Filter Include="Resource Files">
      <UniqueIdentifier>{67DA6AB6-F800-4c08-8B7A-83BB121AAD01}</UniqueIdentifier>
      <Extensions>rc;ico;cur;bmp;dlg;rc2;rct;bin;rgs;gif;jpg;jpeg;jpe;resx;tiff;tif;png;wav;mfcribbon-ms</Extensions>
    </Filter>
    <Filter Include="Source Files\Utility">
      <UniqueIdentifier>{6f3947d7-d428-4c32-b508-3aadf2911b41}</UniqueIdentifier>
    </Filter>
    <Filter Include="Source Files\Test">
      <UniqueIdentifier>{0083b66e-f12a-4e01-8806-acb7864f89fd}</UniqueIdentifier>
    </Filter>
    <Filter Include="Header Files\External">
      <UniqueIdentifier>{cc5bb559-675d-4c5b-81c2-1f1e3ae5cbd9}</UniqueIdentifier>
    </Filter>
    <Filter Include="Header Files\Test">
      <UniqueIdentifier>{7ec0b10d-ee05-42be-828e-467ccbb30915}</UniqueIdentifier>
    </Filter>
    <Filter Include="Header Files\Utility">
      <UniqueIdentifier>{1c3952ec-2113-4e8f-a32f-c37463108f4e}</UniqueIdentifier>
    </Filter>
    <Filter Include="Source Files\External">
      <UniqueIdentifier>{6ce83128-dbaa-4792-a0a2-5b018bd7ab13}</UniqueIdentifier>
    </Filter>
  </ItemGroup>
  <ItemGroup>
    <ClInclude Include="src\doctest.h">
      <Filter>Header Files</Filter>
    </ClInclude>
    <ClInclude Include="..\Source\PatternNote.h">
      <Filter>Header Files\External</Filter>
    </ClInclude>
    <ClInclude Include="..\Source\FamiTrackerTypes.h">
      <Filter>Header Files\External</Filter>
    </ClInclude>
  </ItemGroup>
  <ItemGroup>
    <ClCompile Include="src\testMain.cpp">
      <Filter>Source Files</Filter>
    </ClCompile>
    <ClCompile Include="src\Test\ChannelHandler.cpp">
      <Filter>Source Files\Test</Filter>
    </ClCompile>
    <ClCompile Include="..\Source\PatternNote.cpp">
      <Filter>Source Files\External</Filter>
    </ClCompile>
  </ItemGroup>
  <ItemGroup>
    <None Include="ClassDiagram.cd" />
  </ItemGroup>
</Project>